{
  "version": 4,
  "terraform_version": "1.9.5",
  "serial": 2673,
  "lineage": "d94339b9-49d4-cb48-34c8-51771948d9bf",
  "outputs": {
    "bastion_public_ip": {
      "value": "35.155.206.119",
      "type": "string"
    },
    "db_password": {
      "value": "62nUlrHVs7DCKnxl",
      "type": "string",
      "sensitive": true
    },
    "lb_dns_name": {
      "value": "terraform-series-607653826.us-west-2.elb.amazonaws.com",
      "type": "string"
    },
    "web_private_ip": {
      "value": "10.0.1.158",
      "type": "string"
    }
  },
  "resources": [
    {
      "module": "module.bastion",
      "mode": "data",
      "type": "aws_ami",
      "name": "ami",
      "provider": "provider[\"registry.terraform.io/hashicorp/aws\"]",
      "instances": [
        {
          "schema_version": 0,
          "attributes": {
            "architecture": "x86_64",
            "arn": "arn:aws:ec2:us-west-2::image/ami-079467ea8dd191734",
            "block_device_mappings": [
              {
                "device_name": "/dev/sda1",
                "ebs": {
                  "delete_on_termination": "true",
                  "encrypted": "false",
                  "iops": "0",
                  "snapshot_id": "snap-061b94e0f988456be",
                  "throughput": "0",
                  "volume_size": "8",
                  "volume_type": "gp2"
                },
                "no_device": "",
                "virtual_name": ""
              },
              {
                "device_name": "/dev/sdb",
                "ebs": {},
                "no_device": "",
                "virtual_name": "ephemeral0"
              },
              {
                "device_name": "/dev/sdc",
                "ebs": {},
                "no_device": "",
                "virtual_name": "ephemeral1"
              }
            ],
            "boot_mode": "legacy-bios",
            "creation_date": "2024-08-22T20:00:44.000Z",
            "deprecation_time": "2026-08-22T20:00:44.000Z",
            "description": "Canonical, Ubuntu, 20.04 LTS, amd64 focal image build on 2024-08-21",
            "ena_support": true,
            "executable_users": null,
            "filter": [
              {
                "name": "name",
                "values": [
                  "ubuntu/images/hvm-ssd/ubuntu-focal-20.04-amd64-server-*"
                ]
              }
            ],
            "hypervisor": "xen",
            "id": "ami-079467ea8dd191734",
            "image_id": "ami-079467ea8dd191734",
            "image_location": "amazon/ubuntu/images/hvm-ssd/ubuntu-focal-20.04-amd64-server-20240821",
            "image_owner_alias": "amazon",
            "image_type": "machine",
            "imds_support": "",
            "include_deprecated": false,
            "kernel_id": "",
            "most_recent": true,
            "name": "ubuntu/images/hvm-ssd/ubuntu-focal-20.04-amd64-server-20240821",
            "name_regex": null,
            "owner_id": "099720109477",
            "owners": [
              "099720109477"
            ],
            "platform": "",
            "platform_details": "Linux/UNIX",
            "product_codes": [],
            "public": true,
            "ramdisk_id": "",
            "root_device_name": "/dev/sda1",
            "root_device_type": "ebs",
            "root_snapshot_id": "snap-061b94e0f988456be",
            "sriov_net_support": "simple",
            "state": "available",
            "state_reason": {
              "code": "UNSET",
              "message": "UNSET"
            },
            "tags": {},
            "timeouts": null,
            "tpm_support": "",
            "usage_operation": "RunInstances",
            "virtualization_type": "hvm"
          },
          "sensitive_attributes": []
        }
      ]
    },
    {
      "module": "module.bastion",
      "mode": "managed",
      "type": "aws_eip",
      "name": "eip",
      "provider": "provider[\"registry.terraform.io/hashicorp/aws\"]",
      "instances": [
        {
          "schema_version": 0,
          "attributes": {
            "address": null,
            "allocation_id": "eipalloc-0ed233cad06001204",
            "arn": "arn:aws:ec2:us-west-2:311141558090:elastic-ip/eipalloc-0ed233cad06001204",
            "associate_with_private_ip": null,
            "association_id": "",
            "carrier_ip": "",
            "customer_owned_ip": "",
            "customer_owned_ipv4_pool": "",
            "domain": "vpc",
            "id": "eipalloc-0ed233cad06001204",
            "instance": "",
            "network_border_group": "us-west-2",
            "network_interface": "",
            "private_dns": null,
            "private_ip": "",
            "ptr_record": "",
            "public_dns": "ec2-35-155-206-119.us-west-2.compute.amazonaws.com",
            "public_ip": "35.155.206.119",
            "public_ipv4_pool": "amazon",
            "tags": null,
            "tags_all": {},
            "timeouts": null,
            "vpc": true
          },
          "sensitive_attributes": [],
          "private": "eyJlMmJmYjczMC1lY2FhLTExZTYtOGY4OC0zNDM2M2JjN2M0YzAiOnsiZGVsZXRlIjoxODAwMDAwMDAwMDAsInJlYWQiOjkwMDAwMDAwMDAwMCwidXBkYXRlIjozMDAwMDAwMDAwMDB9fQ=="
        }
      ]
    },
    {
      "module": "module.bastion",
      "mode": "managed",
      "type": "aws_eip_association",
      "name": "eip-association",
      "provider": "provider[\"registry.terraform.io/hashicorp/aws\"]",
      "instances": [
        {
          "schema_version": 0,
          "attributes": {
            "allocation_id": "eipalloc-0ed233cad06001204",
            "allow_reassociation": null,
            "id": "eipassoc-0bf79b7b13665350d",
            "instance_id": "i-0aa59edf7acd300af",
            "network_interface_id": "eni-045125bf96bc66d5d",
            "private_ip_address": "10.0.3.107",
            "public_ip": "35.155.206.119"
          },
          "sensitive_attributes": [],
          "private": "bnVsbA==",
          "dependencies": [
            "module.bastion.aws_eip.eip",
            "module.bastion.aws_instance.server",
            "module.bastion.aws_key_pair.key_pair",
            "module.bastion.aws_network_interface.interface",
            "module.bastion.data.aws_ami.ami",
            "module.bastion.tls_private_key.rsa",
            "module.networking.aws_subnet.public_subnet",
            "module.networking.aws_vpc.vpc",
            "module.securitygroup.module.alb_sg.aws_security_group.security_group",
            "module.securitygroup.module.bastion_sg.aws_security_group.security_group",
            "module.securitygroup.module.db_sg.aws_security_group.security_group",
            "module.securitygroup.module.web_sg.aws_security_group.security_group"
          ]
        }
      ]
    },
    {
      "module": "module.bastion",
      "mode": "managed",
      "type": "aws_instance",
      "name": "server",
      "provider": "provider[\"registry.terraform.io/hashicorp/aws\"]",
      "instances": [
        {
          "schema_version": 1,
          "attributes": {
            "ami": "ami-079467ea8dd191734",
            "arn": "arn:aws:ec2:us-west-2:311141558090:instance/i-0aa59edf7acd300af",
            "associate_public_ip_address": false,
            "availability_zone": "us-west-2a",
            "capacity_reservation_specification": [
              {
                "capacity_reservation_preference": "open",
                "capacity_reservation_target": []
              }
            ],
            "cpu_core_count": 1,
            "cpu_options": [
              {
                "amd_sev_snp": "",
                "core_count": 1,
                "threads_per_core": 1
              }
            ],
            "cpu_threads_per_core": 1,
            "credit_specification": [
              {
                "cpu_credits": "standard"
              }
            ],
            "disable_api_stop": false,
            "disable_api_termination": false,
            "ebs_block_device": [],
            "ebs_optimized": false,
            "enclave_options": [
              {
                "enabled": false
              }
            ],
            "ephemeral_block_device": [],
            "get_password_data": false,
            "hibernation": false,
            "host_id": "",
            "host_resource_group_arn": null,
            "iam_instance_profile": "",
            "id": "i-0aa59edf7acd300af",
            "instance_initiated_shutdown_behavior": "stop",
            "instance_lifecycle": "",
            "instance_market_options": [],
            "instance_state": "running",
            "instance_type": "t2.micro",
            "ipv6_address_count": 0,
            "ipv6_addresses": [],
            "key_name": "terraform-20240919040635971000000002",
            "launch_template": [],
            "maintenance_options": [
              {
                "auto_recovery": "default"
              }
            ],
            "metadata_options": [
              {
                "http_endpoint": "enabled",
                "http_protocol_ipv6": "disabled",
                "http_put_response_hop_limit": 1,
                "http_tokens": "optional",
                "instance_metadata_tags": "disabled"
              }
            ],
            "monitoring": false,
            "network_interface": [
              {
                "delete_on_termination": false,
                "device_index": 0,
                "network_card_index": 0,
                "network_interface_id": "eni-045125bf96bc66d5d"
              }
            ],
            "outpost_arn": "",
            "password_data": "",
            "placement_group": "",
            "placement_partition_number": 0,
            "primary_network_interface_id": "eni-045125bf96bc66d5d",
            "private_dns": "ip-10-0-3-107.us-west-2.compute.internal",
            "private_dns_name_options": [
              {
                "enable_resource_name_dns_a_record": false,
                "enable_resource_name_dns_aaaa_record": false,
                "hostname_type": "ip-name"
              }
            ],
            "private_ip": "10.0.3.107",
            "public_dns": "",
            "public_ip": "",
            "root_block_device": [
              {
                "delete_on_termination": true,
                "device_name": "/dev/sda1",
                "encrypted": false,
                "iops": 100,
                "kms_key_id": "",
                "tags": {},
                "tags_all": {},
                "throughput": 0,
                "volume_id": "vol-0df11884d17b6b63e",
                "volume_size": 8,
                "volume_type": "gp2"
              }
            ],
            "secondary_private_ips": [],
            "security_groups": [],
            "source_dest_check": true,
            "spot_instance_request_id": "",
            "subnet_id": "subnet-07f7addfb9c923c72",
            "tags": {
              "Name": "Bastion Server"
            },
            "tags_all": {
              "Name": "Bastion Server"
            },
            "tenancy": "default",
            "timeouts": null,
            "user_data": null,
            "user_data_base64": null,
            "user_data_replace_on_change": false,
            "volume_tags": null,
            "vpc_security_group_ids": [
              "sg-0993eb02a4a94c987"
            ]
          },
          "sensitive_attributes": [],
          "private": "eyJlMmJmYjczMC1lY2FhLTExZTYtOGY4OC0zNDM2M2JjN2M0YzAiOnsiY3JlYXRlIjo2MDAwMDAwMDAwMDAsImRlbGV0ZSI6MTIwMDAwMDAwMDAwMCwicmVhZCI6OTAwMDAwMDAwMDAwLCJ1cGRhdGUiOjYwMDAwMDAwMDAwMH0sInNjaGVtYV92ZXJzaW9uIjoiMSJ9",
          "dependencies": [
            "module.bastion.aws_key_pair.key_pair",
            "module.bastion.aws_network_interface.interface",
            "module.bastion.data.aws_ami.ami",
            "module.bastion.tls_private_key.rsa",
            "module.networking.aws_subnet.public_subnet",
            "module.networking.aws_vpc.vpc",
            "module.securitygroup.module.alb_sg.aws_security_group.security_group",
            "module.securitygroup.module.bastion_sg.aws_security_group.security_group",
            "module.securitygroup.module.db_sg.aws_security_group.security_group",
            "module.securitygroup.module.web_sg.aws_security_group.security_group"
          ]
        }
      ]
    },
    {
      "module": "module.bastion",
      "mode": "managed",
      "type": "aws_key_pair",
      "name": "key_pair",
      "provider": "provider[\"registry.terraform.io/hashicorp/aws\"]",
      "instances": [
        {
          "schema_version": 1,
          "attributes": {
            "arn": "arn:aws:ec2:us-west-2:311141558090:key-pair/terraform-20240919040635971000000002",
            "fingerprint": "dc:8b:ad:13:6f:22:df:01:ce:cf:cf:c9:a8:77:10:e9",
            "id": "terraform-20240919040635971000000002",
            "key_name": "terraform-20240919040635971000000002",
            "key_name_prefix": "terraform-",
            "key_pair_id": "key-07527513bacabc609",
            "key_type": "rsa",
            "public_key": "ssh-rsa AAAAB3NzaC1yc2EAAAADAQABAAABAQDU0GRpMzgyvYvCjHClhph4B7c/IjZ7CoHIDiYoUFS1iVxGKfw13Ai6a5j+6htjHMZLE4ntQeB4FkIW7yve1+QgAiw+aWuatPbsnro6r9TDMSRhdEHQzcJrmwgeWz9pfewfeGEnr4kQUActAckpwt18R0wOHWT7amVHyZt18Dnisp+6mZGZJNlMMbuzL2UNz7UoA5BfQncdcQgynLPezR+VTxBBCYP2EWFsI287j2HCjrgmKRtkM1wQBjlewaIq/3mdIPSUzNnrEFRPgBV/HI3hqjg2gERsy05flB6K62JJ4bvrdGBb2CnObPvtPRkNEK7iY/d1K9ktYnxFYz6on2/V",
            "tags": null,
            "tags_all": {}
          },
          "sensitive_attributes": [],
          "private": "eyJzY2hlbWFfdmVyc2lvbiI6IjEifQ==",
          "dependencies": [
            "module.bastion.tls_private_key.rsa"
          ]
        }
      ]
    },
    {
      "module": "module.bastion",
      "mode": "managed",
      "type": "aws_network_interface",
      "name": "interface",
      "provider": "provider[\"registry.terraform.io/hashicorp/aws\"]",
      "instances": [
        {
          "schema_version": 0,
          "attributes": {
            "arn": "arn:aws:ec2:us-west-2:311141558090:network-interface/eni-045125bf96bc66d5d",
            "attachment": [],
            "description": "",
            "id": "eni-045125bf96bc66d5d",
            "interface_type": "interface",
            "ipv4_prefix_count": 0,
            "ipv4_prefixes": [],
            "ipv6_address_count": 0,
            "ipv6_address_list": [],
            "ipv6_address_list_enabled": false,
            "ipv6_addresses": [],
            "ipv6_prefix_count": 0,
            "ipv6_prefixes": [],
            "mac_address": "02:d5:94:7b:d9:bf",
            "outpost_arn": "",
            "owner_id": "311141558090",
            "private_dns_name": "ip-10-0-3-107.us-west-2.compute.internal",
            "private_ip": "10.0.3.107",
            "private_ip_list": [
              "10.0.3.107"
            ],
            "private_ip_list_enabled": false,
            "private_ips": [
              "10.0.3.107"
            ],
            "private_ips_count": 0,
            "security_groups": [
              "sg-0993eb02a4a94c987"
            ],
            "source_dest_check": true,
            "subnet_id": "subnet-07f7addfb9c923c72",
            "tags": null,
            "tags_all": {}
          },
          "sensitive_attributes": [],
          "private": "bnVsbA==",
          "dependencies": [
            "module.networking.aws_subnet.public_subnet",
            "module.networking.aws_vpc.vpc",
            "module.securitygroup.module.alb_sg.aws_security_group.security_group",
            "module.securitygroup.module.bastion_sg.aws_security_group.security_group",
            "module.securitygroup.module.db_sg.aws_security_group.security_group",
            "module.securitygroup.module.web_sg.aws_security_group.security_group"
          ]
        }
      ]
    },
    {
      "module": "module.bastion",
      "mode": "managed",
      "type": "local_file",
      "name": "private-key",
      "provider": "provider[\"registry.terraform.io/hashicorp/local\"]",
      "instances": [
        {
          "schema_version": 0,
          "attributes": {
            "content": "-----BEGIN RSA PRIVATE KEY-----\nMIIEowIBAAKCAQEA1NBkaTM4Mr2LwoxwpYaYeAe3PyI2ewqByA4mKFBUtYlcRin8\nNdwIumuY/uobYxzGSxOJ7UHgeBZCFu8r3tfkIAIsPmlrmrT27J66Oq/UwzEkYXRB\n0M3Ca5sIHls/aX3sH3hhJ6+JEFAHLQHJKcLdfEdMDh1k+2plR8mbdfA54rKfupmR\nmSTZTDG7sy9lDc+1KAOQX0J3HXEIMpyz3s0flU8QQQmD9hFhbCNvO49hwo64Jikb\nZDNcEAY5XsGiKv95nSD0lMzZ6xBUT4AVfxyN4ao4NoBEbMtOX5QeiutiSeG763Rg\nW9gpzmz77T0ZDRCu4mP3dSvZLWJ8RWM+qJ9v1QIDAQABAoIBAAVzvU7QqBzsrDr0\nvCIRe7B/ihtM9hZa445LhoC75h+sgDev9a0vkO2tugK13rPAVfgwbPUuHeEVuOW7\nhOU1pLuJMrb6nm4dOsI/IshEHvBNPwBcKR9/Vf7JvwCAF/TM7BK2U87feWR4mGZ3\nyD6Qpnn7naAy8pZaWHPpX1k7KVB8dQbF2EDQpJ+iexxc2yKwmSoMgA/TGeCb25Jg\n8+6kfwO7Lcd12SnIbvqHTS9s2MnVmcSYf2Hraxfu8fnhawViWE+uNvGkmafjY9Os\nnW9wP/hvMkK2Ra5WEsGgJOgJAi2YG7jdNKgrUZT8VKmaDqFQzUkD1jChaUqIYcwp\ntnp3jAECgYEA1RzC+BMd0V+45hCiPTrGu+DQI3r+OQVGU/ohOAdisMZLKq+WeU2O\nvqphSjZHvS15vfwKLmIJdxZkXXEu1s5YbW3QOgvz0WK6VtLworl+zb1pldxGxcWL\nKBSazjhATcEy6XHCEA6sSI3uLPZAjvxOISpgolnhjxQSxlFreySJItUCgYEA/6RD\nAMx8Nv7Ar/+QbxkPZllla1FCTkz2YO9eUHLfIEBFr8z4W/tdKgFL3sXYw24kb/7H\nQgYohStVBvOcuFVHMHgd3EClTMPyAx5D9UeR8qhrhnbO22pzq8Bka5aH+qyfX9Ik\nIW97M/9nOp6/g+jmI+5tRN+VAzVDdnERvRWxmQECgYBdSLSzQDLqJjtaQWey45qA\nPNz+2uSS8xMgyTlnPBxgArx+V9PHD0LvhMcHZBEs5s4Gcl/Gg9Ve0mdmW5fEIRil\n9c6Syg6U1eF5BeadZBL0XffsyDoWce0Cw1or8IV9Q5dUhh4LR1D0hWP/PF9v91L/\nw3v/NNa9+WxqcNNaWNjKbQKBgAy3Yw3bHiKuMW+PyuN736Q7tivMcvvqICdaQNrH\nnAnCqLTCAWix7ER2pAuE0++EvxNDHS5PmBxnt2cNHzKcK1ph3zphjNdwt80n6EF/\nOedUMWUS699GQFK+0z/20PTLOXJOxbVUElDX14627tfk8e2/onfWl1b9g0mU/kjl\nl1wBAoGBANR9r/eieV6/rpTDNlV16tAI7Vpa5BedNHgZfPrHqEIVB922QwLR3Jgs\nYoJ2M1voRprST7WziJfnJfQIwdOdu46QiOhZ/IJq9W1dDSYu6D+4ActaCskGRe3H\nNuOOf3i5V5uYzQoFzHgTamE2VLcwB2YNEx3NX8+25d1MwZS9+0Wh\n-----END RSA PRIVATE KEY-----\n",
            "content_base64": null,
            "content_base64sha256": "l18UqHH7FMZd475PulAyYPpKuvU6aQ6IjFSVip228KI=",
            "content_base64sha512": "WoSB2A/dCF4fE6W4VTq+KNSsI0evhMbFRLPxm4XUUvMIVX4WMmyRqqwuYZlDKUEVhuIu0JnkrFsBOpFJ5lWElA==",
            "content_md5": "65cc2b1703b6d511444b41ee762ec45b",
            "content_sha1": "72f8bd60b15bb2b60656c96623484043bf830bfe",
            "content_sha256": "975f14a871fb14c65de3be4fba503260fa4abaf53a690e888c54958a9db6f0a2",
            "content_sha512": "5a8481d80fdd085e1f13a5b8553abe28d4ac2347af84c6c544b3f19b85d452f308557e16326c91aaac2e61994329411586e22ed099e4ac5b013a9149e6558494",
            "directory_permission": "0777",
            "file_permission": "0400",
            "filename": "bastion_key",
            "id": "72f8bd60b15bb2b60656c96623484043bf830bfe",
            "sensitive_content": null,
            "source": null
          },
          "sensitive_attributes": [
            [
              {
                "type": "get_attr",
                "value": "sensitive_content"
              }
            ],
            [
              {
                "type": "get_attr",
                "value": "content"
              }
            ]
          ],
          "dependencies": [
            "module.bastion.tls_private_key.rsa"
          ]
        }
      ]
    },
    {
      "module": "module.bastion",
      "mode": "managed",
      "type": "tls_private_key",
      "name": "rsa",
      "provider": "provider[\"registry.terraform.io/hashicorp/tls\"]",
      "instances": [
        {
          "schema_version": 1,
          "attributes": {
            "algorithm": "RSA",
            "ecdsa_curve": "P224",
            "id": "f9dc1d021966d39836e7791f33df34e6c13d2970",
            "private_key_openssh": "-----BEGIN OPENSSH PRIVATE KEY-----\nb3BlbnNzaC1rZXktdjEAAAAABG5vbmUAAAAEbm9uZQAAAAAAAAABAAABFwAAAAdz\nc2gtcnNhAAAAAwEAAQAAAQEA1NBkaTM4Mr2LwoxwpYaYeAe3PyI2ewqByA4mKFBU\ntYlcRin8NdwIumuY/uobYxzGSxOJ7UHgeBZCFu8r3tfkIAIsPmlrmrT27J66Oq/U\nwzEkYXRB0M3Ca5sIHls/aX3sH3hhJ6+JEFAHLQHJKcLdfEdMDh1k+2plR8mbdfA5\n4rKfupmRmSTZTDG7sy9lDc+1KAOQX0J3HXEIMpyz3s0flU8QQQmD9hFhbCNvO49h\nwo64JikbZDNcEAY5XsGiKv95nSD0lMzZ6xBUT4AVfxyN4ao4NoBEbMtOX5Qeiuti\nSeG763RgW9gpzmz77T0ZDRCu4mP3dSvZLWJ8RWM+qJ9v1QAAA7iNOt6ojTreqAAA\nAAdzc2gtcnNhAAABAQDU0GRpMzgyvYvCjHClhph4B7c/IjZ7CoHIDiYoUFS1iVxG\nKfw13Ai6a5j+6htjHMZLE4ntQeB4FkIW7yve1+QgAiw+aWuatPbsnro6r9TDMSRh\ndEHQzcJrmwgeWz9pfewfeGEnr4kQUActAckpwt18R0wOHWT7amVHyZt18Dnisp+6\nmZGZJNlMMbuzL2UNz7UoA5BfQncdcQgynLPezR+VTxBBCYP2EWFsI287j2HCjrgm\nKRtkM1wQBjlewaIq/3mdIPSUzNnrEFRPgBV/HI3hqjg2gERsy05flB6K62JJ4bvr\ndGBb2CnObPvtPRkNEK7iY/d1K9ktYnxFYz6on2/VAAAAAwEAAQAAAQAFc71O0Kgc\n7Kw69LwiEXuwf4obTPYWWuOOS4aAu+YfrIA3r/WtL5DtrboCtd6zwFX4MGz1Lh3h\nFbjlu4TlNaS7iTK2+p5uHTrCPyLIRB7wTT8AXCkff1X+yb8AgBf0zOwStlPO33lk\neJhmd8g+kKZ5+52gMvKWWlhz6V9ZOylQfHUGxdhA0KSfonscXNsisJkqDIAP0xng\nm9uSYPPupH8Duy3HddkpyG76h00vbNjJ1ZnEmH9h62sX7vH54WsFYlhPrjbxpJmn\n42PTrJ1vcD/4bzJCtkWuVhLBoCToCQItmBu43TSoK1GU/FSpmg6hUM1JA9YwoWlK\niGHMKbZ6d4wBAAAAgQDUfa/3onlev66UwzZVderQCO1aWuQXnTR4GXz6x6hCFQfd\ntkMC0dyYLGKCdjNb6Eaa0k+1s4iX5yX0CMHTnbuOkIjoWfyCavVtXQ0mLug/uAHL\nWgrJBkXtxzbjjn94uVebmM0KBcx4E2phNlS3MAdmDRMdzV/PtuXdTMGUvftFoQAA\nAIEA1RzC+BMd0V+45hCiPTrGu+DQI3r+OQVGU/ohOAdisMZLKq+WeU2OvqphSjZH\nvS15vfwKLmIJdxZkXXEu1s5YbW3QOgvz0WK6VtLworl+zb1pldxGxcWLKBSazjhA\nTcEy6XHCEA6sSI3uLPZAjvxOISpgolnhjxQSxlFreySJItUAAACBAP+kQwDMfDb+\nwK//kG8ZD2ZZZWtRQk5M9mDvXlBy3yBARa/M+Fv7XSoBS97F2MNuJG/+x0IGKIUr\nVQbznLhVRzB4HdxApUzD8gMeQ/VHkfKoa4Z2zttqc6vAZGuWh/qsn1/SJCFvezP/\nZzqev4Po5iPubUTflQM1Q3ZxEb0VsZkBAAAAAAEC\n-----END OPENSSH PRIVATE KEY-----\n",
            "private_key_pem": "-----BEGIN RSA PRIVATE KEY-----\nMIIEowIBAAKCAQEA1NBkaTM4Mr2LwoxwpYaYeAe3PyI2ewqByA4mKFBUtYlcRin8\nNdwIumuY/uobYxzGSxOJ7UHgeBZCFu8r3tfkIAIsPmlrmrT27J66Oq/UwzEkYXRB\n0M3Ca5sIHls/aX3sH3hhJ6+JEFAHLQHJKcLdfEdMDh1k+2plR8mbdfA54rKfupmR\nmSTZTDG7sy9lDc+1KAOQX0J3HXEIMpyz3s0flU8QQQmD9hFhbCNvO49hwo64Jikb\nZDNcEAY5XsGiKv95nSD0lMzZ6xBUT4AVfxyN4ao4NoBEbMtOX5QeiutiSeG763Rg\nW9gpzmz77T0ZDRCu4mP3dSvZLWJ8RWM+qJ9v1QIDAQABAoIBAAVzvU7QqBzsrDr0\nvCIRe7B/ihtM9hZa445LhoC75h+sgDev9a0vkO2tugK13rPAVfgwbPUuHeEVuOW7\nhOU1pLuJMrb6nm4dOsI/IshEHvBNPwBcKR9/Vf7JvwCAF/TM7BK2U87feWR4mGZ3\nyD6Qpnn7naAy8pZaWHPpX1k7KVB8dQbF2EDQpJ+iexxc2yKwmSoMgA/TGeCb25Jg\n8+6kfwO7Lcd12SnIbvqHTS9s2MnVmcSYf2Hraxfu8fnhawViWE+uNvGkmafjY9Os\nnW9wP/hvMkK2Ra5WEsGgJOgJAi2YG7jdNKgrUZT8VKmaDqFQzUkD1jChaUqIYcwp\ntnp3jAECgYEA1RzC+BMd0V+45hCiPTrGu+DQI3r+OQVGU/ohOAdisMZLKq+WeU2O\nvqphSjZHvS15vfwKLmIJdxZkXXEu1s5YbW3QOgvz0WK6VtLworl+zb1pldxGxcWL\nKBSazjhATcEy6XHCEA6sSI3uLPZAjvxOISpgolnhjxQSxlFreySJItUCgYEA/6RD\nAMx8Nv7Ar/+QbxkPZllla1FCTkz2YO9eUHLfIEBFr8z4W/tdKgFL3sXYw24kb/7H\nQgYohStVBvOcuFVHMHgd3EClTMPyAx5D9UeR8qhrhnbO22pzq8Bka5aH+qyfX9Ik\nIW97M/9nOp6/g+jmI+5tRN+VAzVDdnERvRWxmQECgYBdSLSzQDLqJjtaQWey45qA\nPNz+2uSS8xMgyTlnPBxgArx+V9PHD0LvhMcHZBEs5s4Gcl/Gg9Ve0mdmW5fEIRil\n9c6Syg6U1eF5BeadZBL0XffsyDoWce0Cw1or8IV9Q5dUhh4LR1D0hWP/PF9v91L/\nw3v/NNa9+WxqcNNaWNjKbQKBgAy3Yw3bHiKuMW+PyuN736Q7tivMcvvqICdaQNrH\nnAnCqLTCAWix7ER2pAuE0++EvxNDHS5PmBxnt2cNHzKcK1ph3zphjNdwt80n6EF/\nOedUMWUS699GQFK+0z/20PTLOXJOxbVUElDX14627tfk8e2/onfWl1b9g0mU/kjl\nl1wBAoGBANR9r/eieV6/rpTDNlV16tAI7Vpa5BedNHgZfPrHqEIVB922QwLR3Jgs\nYoJ2M1voRprST7WziJfnJfQIwdOdu46QiOhZ/IJq9W1dDSYu6D+4ActaCskGRe3H\nNuOOf3i5V5uYzQoFzHgTamE2VLcwB2YNEx3NX8+25d1MwZS9+0Wh\n-----END RSA PRIVATE KEY-----\n",
            "private_key_pem_pkcs8": "-----BEGIN PRIVATE KEY-----\nMIIEvQIBADANBgkqhkiG9w0BAQEFAASCBKcwggSjAgEAAoIBAQDU0GRpMzgyvYvC\njHClhph4B7c/IjZ7CoHIDiYoUFS1iVxGKfw13Ai6a5j+6htjHMZLE4ntQeB4FkIW\n7yve1+QgAiw+aWuatPbsnro6r9TDMSRhdEHQzcJrmwgeWz9pfewfeGEnr4kQUAct\nAckpwt18R0wOHWT7amVHyZt18Dnisp+6mZGZJNlMMbuzL2UNz7UoA5BfQncdcQgy\nnLPezR+VTxBBCYP2EWFsI287j2HCjrgmKRtkM1wQBjlewaIq/3mdIPSUzNnrEFRP\ngBV/HI3hqjg2gERsy05flB6K62JJ4bvrdGBb2CnObPvtPRkNEK7iY/d1K9ktYnxF\nYz6on2/VAgMBAAECggEABXO9TtCoHOysOvS8IhF7sH+KG0z2FlrjjkuGgLvmH6yA\nN6/1rS+Q7a26ArXes8BV+DBs9S4d4RW45buE5TWku4kytvqebh06wj8iyEQe8E0/\nAFwpH39V/sm/AIAX9MzsErZTzt95ZHiYZnfIPpCmefudoDLyllpYc+lfWTspUHx1\nBsXYQNCkn6J7HFzbIrCZKgyAD9MZ4JvbkmDz7qR/A7stx3XZKchu+odNL2zYydWZ\nxJh/YetrF+7x+eFrBWJYT6428aSZp+Nj06ydb3A/+G8yQrZFrlYSwaAk6AkCLZgb\nuN00qCtRlPxUqZoOoVDNSQPWMKFpSohhzCm2eneMAQKBgQDVHML4Ex3RX7jmEKI9\nOsa74NAjev45BUZT+iE4B2Kwxksqr5Z5TY6+qmFKNke9LXm9/AouYgl3FmRdcS7W\nzlhtbdA6C/PRYrpW0vCiuX7NvWmV3EbFxYsoFJrOOEBNwTLpccIQDqxIje4s9kCO\n/E4hKmCiWeGPFBLGUWt7JIki1QKBgQD/pEMAzHw2/sCv/5BvGQ9mWWVrUUJOTPZg\n715Qct8gQEWvzPhb+10qAUvexdjDbiRv/sdCBiiFK1UG85y4VUcweB3cQKVMw/ID\nHkP1R5HyqGuGds7banOrwGRrlof6rJ9f0iQhb3sz/2c6nr+D6OYj7m1E35UDNUN2\ncRG9FbGZAQKBgF1ItLNAMuomO1pBZ7LjmoA83P7a5JLzEyDJOWc8HGACvH5X08cP\nQu+ExwdkESzmzgZyX8aD1V7SZ2Zbl8QhGKX1zpLKDpTV4XkF5p1kEvRd9+zIOhZx\n7QLDWivwhX1Dl1SGHgtHUPSFY/88X2/3Uv/De/801r35bGpw01pY2MptAoGADLdj\nDdseIq4xb4/K43vfpDu2K8xy++ogJ1pA2secCcKotMIBaLHsRHakC4TT74S/E0Md\nLk+YHGe3Zw0fMpwrWmHfOmGM13C3zSfoQX8551QxZRLr30ZAUr7TP/bQ9Ms5ck7F\ntVQSUNfXjrbu1+Tx7b+id9aXVv2DSZT+SOWXXAECgYEA1H2v96J5Xr+ulMM2VXXq\n0AjtWlrkF500eBl8+seoQhUH3bZDAtHcmCxignYzW+hGmtJPtbOIl+cl9AjB0527\njpCI6Fn8gmr1bV0NJi7oP7gBy1oKyQZF7cc2445/eLlXm5jNCgXMeBNqYTZUtzAH\nZg0THc1fz7bl3UzBlL37RaE=\n-----END PRIVATE KEY-----\n",
            "public_key_fingerprint_md5": "8f:07:7c:dc:eb:d5:73:ca:cb:b1:05:88:3c:9f:06:f1",
            "public_key_fingerprint_sha256": "SHA256:HW1/m8Ed8qVY1iChmA0jRZ/KOyNL6KOJmOWgk5MeR1c",
            "public_key_openssh": "ssh-rsa AAAAB3NzaC1yc2EAAAADAQABAAABAQDU0GRpMzgyvYvCjHClhph4B7c/IjZ7CoHIDiYoUFS1iVxGKfw13Ai6a5j+6htjHMZLE4ntQeB4FkIW7yve1+QgAiw+aWuatPbsnro6r9TDMSRhdEHQzcJrmwgeWz9pfewfeGEnr4kQUActAckpwt18R0wOHWT7amVHyZt18Dnisp+6mZGZJNlMMbuzL2UNz7UoA5BfQncdcQgynLPezR+VTxBBCYP2EWFsI287j2HCjrgmKRtkM1wQBjlewaIq/3mdIPSUzNnrEFRPgBV/HI3hqjg2gERsy05flB6K62JJ4bvrdGBb2CnObPvtPRkNEK7iY/d1K9ktYnxFYz6on2/V\n",
            "public_key_pem": "-----BEGIN PUBLIC KEY-----\nMIIBIjANBgkqhkiG9w0BAQEFAAOCAQ8AMIIBCgKCAQEA1NBkaTM4Mr2LwoxwpYaY\neAe3PyI2ewqByA4mKFBUtYlcRin8NdwIumuY/uobYxzGSxOJ7UHgeBZCFu8r3tfk\nIAIsPmlrmrT27J66Oq/UwzEkYXRB0M3Ca5sIHls/aX3sH3hhJ6+JEFAHLQHJKcLd\nfEdMDh1k+2plR8mbdfA54rKfupmRmSTZTDG7sy9lDc+1KAOQX0J3HXEIMpyz3s0f\nlU8QQQmD9hFhbCNvO49hwo64JikbZDNcEAY5XsGiKv95nSD0lMzZ6xBUT4AVfxyN\n4ao4NoBEbMtOX5QeiutiSeG763RgW9gpzmz77T0ZDRCu4mP3dSvZLWJ8RWM+qJ9v\n1QIDAQAB\n-----END PUBLIC KEY-----\n",
            "rsa_bits": 2048
          },
          "sensitive_attributes": [
            [
              {
                "type": "get_attr",
                "value": "private_key_openssh"
              }
            ],
            [
              {
                "type": "get_attr",
                "value": "private_key_pem_pkcs8"
              }
            ],
            [
              {
                "type": "get_attr",
                "value": "private_key_pem"
              }
            ]
          ]
        }
      ]
    },
    {
      "module": "module.database",
      "mode": "managed",
      "type": "aws_db_instance",
      "name": "database",
      "provider": "provider[\"registry.terraform.io/hashicorp/aws\"]",
      "instances": [
        {
          "schema_version": 2,
          "attributes": {
            "address": "terraform-2024091904070543670000000b.cjeack0i6vm1.us-west-2.rds.amazonaws.com",
            "allocated_storage": 10,
            "allow_major_version_upgrade": null,
            "apply_immediately": false,
            "arn": "arn:aws:rds:us-west-2:311141558090:db:terraform-2024091904070543670000000b",
            "auto_minor_version_upgrade": true,
            "availability_zone": "us-west-2b",
            "backup_retention_period": 0,
            "backup_target": "region",
            "backup_window": "08:38-09:08",
            "blue_green_update": [],
            "ca_cert_identifier": "rds-ca-rsa2048-g1",
            "character_set_name": "",
            "copy_tags_to_snapshot": false,
            "custom_iam_instance_profile": "",
            "customer_owned_ip_enabled": false,
            "db_name": "mydb",
            "db_subnet_group_name": "my-db-subnet-group",
            "dedicated_log_volume": false,
            "delete_automated_backups": true,
            "deletion_protection": false,
            "domain": "",
            "domain_auth_secret_arn": "",
            "domain_dns_ips": null,
            "domain_fqdn": "",
            "domain_iam_role_name": "",
            "domain_ou": "",
            "enabled_cloudwatch_logs_exports": null,
            "endpoint": "terraform-2024091904070543670000000b.cjeack0i6vm1.us-west-2.rds.amazonaws.com:3306",
            "engine": "mysql",
            "engine_lifecycle_support": "open-source-rds-extended-support",
            "engine_version": "8.0",
            "engine_version_actual": "8.0.35",
            "final_snapshot_identifier": null,
            "hosted_zone_id": "Z1PVIF0B656C1W",
            "iam_database_authentication_enabled": false,
            "id": "db-MRT4ZK7NFPFWMQVXRY4OIUMGEQ",
            "identifier": "terraform-2024091904070543670000000b",
            "identifier_prefix": "terraform-",
            "instance_class": "db.t3.micro",
            "iops": 0,
            "kms_key_id": "",
            "latest_restorable_time": "",
            "license_model": "general-public-license",
            "listener_endpoint": [],
            "maintenance_window": "sun:06:24-sun:06:54",
            "manage_master_user_password": null,
            "master_user_secret": [],
            "master_user_secret_kms_key_id": null,
            "max_allocated_storage": 0,
            "monitoring_interval": 0,
            "monitoring_role_arn": "",
            "multi_az": false,
            "nchar_character_set_name": "",
            "network_type": "IPV4",
            "option_group_name": "default:mysql-8-0",
            "parameter_group_name": "default.mysql8.0",
            "password": "62nUlrHVs7DCKnxl",
            "performance_insights_enabled": false,
            "performance_insights_kms_key_id": "",
            "performance_insights_retention_period": 0,
            "port": 3306,
            "publicly_accessible": false,
            "replica_mode": "",
            "replicas": [],
            "replicate_source_db": "",
            "resource_id": "db-MRT4ZK7NFPFWMQVXRY4OIUMGEQ",
            "restore_to_point_in_time": [],
            "s3_import": [],
            "skip_final_snapshot": true,
            "snapshot_identifier": null,
            "status": "available",
            "storage_encrypted": false,
            "storage_throughput": 0,
            "storage_type": "gp2",
            "tags": null,
            "tags_all": {},
            "timeouts": null,
            "timezone": "",
            "upgrade_storage_config": null,
            "username": "admin",
            "vpc_security_group_ids": [
              "sg-026311d36271cce42"
            ]
          },
          "sensitive_attributes": [
            [
              {
                "type": "get_attr",
                "value": "password"
              }
            ]
          ],
          "private": "eyJlMmJmYjczMC1lY2FhLTExZTYtOGY4OC0zNDM2M2JjN2M0YzAiOnsiY3JlYXRlIjoyNDAwMDAwMDAwMDAwLCJkZWxldGUiOjM2MDAwMDAwMDAwMDAsInVwZGF0ZSI6NDgwMDAwMDAwMDAwMH0sInNjaGVtYV92ZXJzaW9uIjoiMiJ9",
          "dependencies": [
            "module.database.aws_db_subnet_group.my_db_subnet_group",
            "module.database.random_password.rds_password",
            "module.networking.aws_subnet.private_subnet",
            "module.networking.aws_vpc.vpc",
            "module.securitygroup.module.alb_sg.aws_security_group.security_group",
            "module.securitygroup.module.bastion_sg.aws_security_group.security_group",
            "module.securitygroup.module.db_sg.aws_security_group.security_group",
            "module.securitygroup.module.web_sg.aws_security_group.security_group"
          ]
        }
      ]
    },
    {
      "module": "module.database",
      "mode": "managed",
      "type": "aws_db_subnet_group",
      "name": "my_db_subnet_group",
      "provider": "provider[\"registry.terraform.io/hashicorp/aws\"]",
      "instances": [
        {
          "schema_version": 0,
          "attributes": {
            "arn": "arn:aws:rds:us-west-2:311141558090:subgrp:my-db-subnet-group",
            "description": "Managed by Terraform",
            "id": "my-db-subnet-group",
            "name": "my-db-subnet-group",
            "name_prefix": "",
            "subnet_ids": [
              "subnet-0a17afa3f66744fe7",
              "subnet-0f4004abd5dba5a94"
            ],
            "supported_network_types": [
              "IPV4"
            ],
            "tags": {
              "Name": "My db subnet group"
            },
            "tags_all": {
              "Name": "My db subnet group"
            },
            "vpc_id": "vpc-048dc7bc4b9436f4e"
          },
          "sensitive_attributes": [],
          "private": "bnVsbA==",
          "dependencies": [
            "module.networking.aws_subnet.private_subnet",
            "module.networking.aws_vpc.vpc"
          ]
        }
      ]
    },
    {
      "module": "module.database",
      "mode": "managed",
      "type": "random_password",
      "name": "rds_password",
      "provider": "provider[\"registry.terraform.io/hashicorp/random\"]",
      "instances": [
        {
          "schema_version": 3,
          "attributes": {
            "bcrypt_hash": "$2a$10$Gf9MNtl0wvSGfW2z3H7.a.KljhD4Zu3jY7Kn9zHl9Sb.zibNFmfN.",
            "id": "none",
            "keepers": null,
            "length": 16,
            "lower": true,
            "min_lower": 0,
            "min_numeric": 0,
            "min_special": 0,
            "min_upper": 0,
            "number": true,
            "numeric": true,
            "override_special": null,
            "result": "62nUlrHVs7DCKnxl",
            "special": false,
            "upper": true
          },
          "sensitive_attributes": [
            [
              {
                "type": "get_attr",
                "value": "result"
              }
            ],
            [
              {
                "type": "get_attr",
                "value": "bcrypt_hash"
              }
            ]
          ]
        }
      ]
    },
    {
      "module": "module.loadbalancer",
      "mode": "managed",
      "type": "aws_lb",
      "name": "lb",
      "provider": "provider[\"registry.terraform.io/hashicorp/aws\"]",
      "instances": [
        {
          "schema_version": 0,
          "attributes": {
            "access_logs": [
              {
                "bucket": "",
                "enabled": false,
                "prefix": ""
              }
            ],
            "arn": "arn:aws:elasticloadbalancing:us-west-2:311141558090:loadbalancer/app/terraform-series/1f9dc643f02bb848",
            "arn_suffix": "app/terraform-series/1f9dc643f02bb848",
            "client_keep_alive": 3600,
            "connection_logs": [
              {
                "bucket": "",
                "enabled": false,
                "prefix": ""
              }
            ],
            "customer_owned_ipv4_pool": "",
            "desync_mitigation_mode": "defensive",
            "dns_name": "terraform-series-607653826.us-west-2.elb.amazonaws.com",
            "dns_record_client_routing_policy": null,
            "drop_invalid_header_fields": false,
            "enable_cross_zone_load_balancing": true,
            "enable_deletion_protection": false,
            "enable_http2": true,
            "enable_tls_version_and_cipher_suite_headers": false,
            "enable_waf_fail_open": false,
            "enable_xff_client_port": false,
            "enforce_security_group_inbound_rules_on_private_link_traffic": "",
            "id": "arn:aws:elasticloadbalancing:us-west-2:311141558090:loadbalancer/app/terraform-series/1f9dc643f02bb848",
            "idle_timeout": 60,
            "internal": false,
            "ip_address_type": "ipv4",
            "load_balancer_type": "application",
            "name": "terraform-series",
            "name_prefix": "",
            "preserve_host_header": false,
            "security_groups": [
              "sg-0a4bc4f4f15890bd6"
            ],
            "subnet_mapping": [
              {
                "allocation_id": "",
                "ipv6_address": "",
                "outpost_id": "",
                "private_ipv4_address": "",
                "subnet_id": "subnet-01a00e449d5165e74"
              },
              {
                "allocation_id": "",
                "ipv6_address": "",
                "outpost_id": "",
                "private_ipv4_address": "",
                "subnet_id": "subnet-07f7addfb9c923c72"
              }
            ],
            "subnets": [
              "subnet-01a00e449d5165e74",
              "subnet-07f7addfb9c923c72"
            ],
            "tags": null,
            "tags_all": {},
            "timeouts": null,
            "vpc_id": "vpc-048dc7bc4b9436f4e",
            "xff_header_processing_mode": "append",
            "zone_id": "Z1H1FL5HABSF5"
          },
          "sensitive_attributes": [],
          "private": "eyJlMmJmYjczMC1lY2FhLTExZTYtOGY4OC0zNDM2M2JjN2M0YzAiOnsiY3JlYXRlIjo2MDAwMDAwMDAwMDAsImRlbGV0ZSI6NjAwMDAwMDAwMDAwLCJ1cGRhdGUiOjYwMDAwMDAwMDAwMH19",
          "dependencies": [
            "module.networking.aws_subnet.public_subnet",
            "module.networking.aws_vpc.vpc",
            "module.securitygroup.module.alb_sg.aws_security_group.security_group",
            "module.securitygroup.module.bastion_sg.aws_security_group.security_group",
            "module.securitygroup.module.db_sg.aws_security_group.security_group",
            "module.securitygroup.module.web_sg.aws_security_group.security_group"
          ]
        }
      ]
    },
    {
      "module": "module.loadbalancer",
      "mode": "managed",
      "type": "aws_lb_listener",
      "name": "lb_listener",
      "provider": "provider[\"registry.terraform.io/hashicorp/aws\"]",
      "instances": [
        {
          "schema_version": 0,
          "attributes": {
            "alpn_policy": null,
            "arn": "arn:aws:elasticloadbalancing:us-west-2:311141558090:listener/app/terraform-series/1f9dc643f02bb848/ee46dca963a6aad6",
            "certificate_arn": null,
            "default_action": [
              {
                "authenticate_cognito": [],
                "authenticate_oidc": [],
                "fixed_response": [],
                "forward": [],
                "order": 1,
                "redirect": [],
                "target_group_arn": "arn:aws:elasticloadbalancing:us-west-2:311141558090:targetgroup/loadbalancer-tg/a801522f3b192565",
                "type": "forward"
              }
            ],
            "id": "arn:aws:elasticloadbalancing:us-west-2:311141558090:listener/app/terraform-series/1f9dc643f02bb848/ee46dca963a6aad6",
            "load_balancer_arn": "arn:aws:elasticloadbalancing:us-west-2:311141558090:loadbalancer/app/terraform-series/1f9dc643f02bb848",
            "mutual_authentication": [],
            "port": 80,
            "protocol": "HTTP",
            "ssl_policy": "",
            "tags": null,
            "tags_all": {},
            "timeouts": null
          },
          "sensitive_attributes": [],
          "private": "eyJlMmJmYjczMC1lY2FhLTExZTYtOGY4OC0zNDM2M2JjN2M0YzAiOnsiY3JlYXRlIjozMDAwMDAwMDAwMDAsInVwZGF0ZSI6MzAwMDAwMDAwMDAwfX0=",
          "dependencies": [
            "module.loadbalancer.aws_lb.lb",
            "module.loadbalancer.aws_lb_target_group.lb_tg",
            "module.networking.aws_subnet.public_subnet",
            "module.networking.aws_vpc.vpc",
            "module.securitygroup.module.alb_sg.aws_security_group.security_group",
            "module.securitygroup.module.bastion_sg.aws_security_group.security_group",
            "module.securitygroup.module.db_sg.aws_security_group.security_group",
            "module.securitygroup.module.web_sg.aws_security_group.security_group"
          ]
        }
      ]
    },
    {
      "module": "module.loadbalancer",
      "mode": "managed",
      "type": "aws_lb_target_group",
      "name": "lb_tg",
      "provider": "provider[\"registry.terraform.io/hashicorp/aws\"]",
      "instances": [
        {
          "schema_version": 0,
          "attributes": {
            "arn": "arn:aws:elasticloadbalancing:us-west-2:311141558090:targetgroup/loadbalancer-tg/a801522f3b192565",
            "arn_suffix": "targetgroup/loadbalancer-tg/a801522f3b192565",
            "connection_termination": null,
            "deregistration_delay": "300",
            "health_check": [
              {
                "enabled": true,
                "healthy_threshold": 5,
                "interval": 30,
                "matcher": "200",
                "path": "/",
                "port": "traffic-port",
                "protocol": "HTTP",
                "timeout": 5,
                "unhealthy_threshold": 2
              }
            ],
            "id": "arn:aws:elasticloadbalancing:us-west-2:311141558090:targetgroup/loadbalancer-tg/a801522f3b192565",
            "ip_address_type": "ipv4",
            "lambda_multi_value_headers_enabled": false,
            "load_balancer_arns": [],
            "load_balancing_algorithm_type": "round_robin",
            "load_balancing_anomaly_mitigation": "off",
            "load_balancing_cross_zone_enabled": "use_load_balancer_configuration",
            "name": "loadbalancer-tg",
            "name_prefix": "",
            "port": 80,
            "preserve_client_ip": null,
            "protocol": "HTTP",
            "protocol_version": "HTTP1",
            "proxy_protocol_v2": false,
            "slow_start": 0,
            "stickiness": [
              {
                "cookie_duration": 86400,
                "cookie_name": "",
                "enabled": false,
                "type": "lb_cookie"
              }
            ],
            "tags": null,
            "tags_all": {},
            "target_failover": [
              {
                "on_deregistration": null,
                "on_unhealthy": null
              }
            ],
            "target_group_health": [
              {
                "dns_failover": [
                  {
                    "minimum_healthy_targets_count": "1",
                    "minimum_healthy_targets_percentage": "off"
                  }
                ],
                "unhealthy_state_routing": [
                  {
                    "minimum_healthy_targets_count": 1,
                    "minimum_healthy_targets_percentage": "off"
                  }
                ]
              }
            ],
            "target_health_state": [
              {
                "enable_unhealthy_connection_termination": null,
                "unhealthy_draining_interval": null
              }
            ],
            "target_type": "instance",
            "vpc_id": "vpc-048dc7bc4b9436f4e"
          },
          "sensitive_attributes": [],
          "private": "bnVsbA==",
          "dependencies": [
            "module.networking.aws_vpc.vpc"
          ]
        }
      ]
    },
    {
      "module": "module.loadbalancer",
      "mode": "managed",
      "type": "aws_lb_target_group_attachment",
      "name": "lb_tg_attachment",
      "provider": "provider[\"registry.terraform.io/hashicorp/aws\"]",
      "instances": [
        {
          "schema_version": 0,
          "attributes": {
            "availability_zone": null,
            "id": "arn:aws:elasticloadbalancing:us-west-2:311141558090:targetgroup/loadbalancer-tg/a801522f3b192565-2024091904074215870000000e",
            "port": 80,
            "target_group_arn": "arn:aws:elasticloadbalancing:us-west-2:311141558090:targetgroup/loadbalancer-tg/a801522f3b192565",
            "target_id": "i-05f601050ad601122"
          },
          "sensitive_attributes": [],
          "private": "bnVsbA==",
          "dependencies": [
            "module.loadbalancer.aws_lb_target_group.lb_tg",
            "module.networking.aws_subnet.private_subnet",
            "module.networking.aws_vpc.vpc",
            "module.securitygroup.module.alb_sg.aws_security_group.security_group",
            "module.securitygroup.module.bastion_sg.aws_security_group.security_group",
            "module.securitygroup.module.db_sg.aws_security_group.security_group",
            "module.securitygroup.module.web_sg.aws_security_group.security_group",
            "module.web_server.aws_instance.server",
            "module.web_server.aws_key_pair.key_pair",
            "module.web_server.aws_network_interface.interface",
            "module.web_server.data.aws_ami.ami",
            "module.web_server.tls_private_key.rsa"
          ]
        }
      ]
    },
    {
      "module": "module.networking",
      "mode": "managed",
      "type": "aws_eip",
      "name": "nat",
      "provider": "provider[\"registry.terraform.io/hashicorp/aws\"]",
      "instances": [
        {
          "schema_version": 0,
          "attributes": {
            "address": null,
            "allocation_id": "eipalloc-0c09597e0e7135c04",
            "arn": "arn:aws:ec2:us-west-2:311141558090:elastic-ip/eipalloc-0c09597e0e7135c04",
            "associate_with_private_ip": null,
            "association_id": "",
            "carrier_ip": "",
            "customer_owned_ip": "",
            "customer_owned_ipv4_pool": "",
            "domain": "vpc",
            "id": "eipalloc-0c09597e0e7135c04",
            "instance": "",
            "network_border_group": "us-west-2",
            "network_interface": "",
            "private_dns": null,
            "private_ip": "",
            "ptr_record": "",
            "public_dns": "ec2-52-40-144-210.us-west-2.compute.amazonaws.com",
            "public_ip": "52.40.144.210",
            "public_ipv4_pool": "amazon",
            "tags": null,
            "tags_all": {},
            "timeouts": null,
            "vpc": true
          },
          "sensitive_attributes": [],
          "private": "eyJlMmJmYjczMC1lY2FhLTExZTYtOGY4OC0zNDM2M2JjN2M0YzAiOnsiZGVsZXRlIjoxODAwMDAwMDAwMDAsInJlYWQiOjkwMDAwMDAwMDAwMCwidXBkYXRlIjozMDAwMDAwMDAwMDB9fQ=="
        }
      ]
    },
    {
      "module": "module.networking",
      "mode": "managed",
      "type": "aws_internet_gateway",
      "name": "ig",
      "provider": "provider[\"registry.terraform.io/hashicorp/aws\"]",
      "instances": [
        {
          "schema_version": 0,
          "attributes": {
            "arn": "arn:aws:ec2:us-west-2:311141558090:internet-gateway/igw-0a850c1408344ddad",
            "id": "igw-0a850c1408344ddad",
            "owner_id": "311141558090",
            "tags": null,
            "tags_all": {},
            "timeouts": null,
            "vpc_id": "vpc-048dc7bc4b9436f4e"
          },
          "sensitive_attributes": [],
          "private": "eyJlMmJmYjczMC1lY2FhLTExZTYtOGY4OC0zNDM2M2JjN2M0YzAiOnsiY3JlYXRlIjoxMjAwMDAwMDAwMDAwLCJkZWxldGUiOjEyMDAwMDAwMDAwMDAsInVwZGF0ZSI6MTIwMDAwMDAwMDAwMH19",
          "dependencies": [
            "module.networking.aws_vpc.vpc"
          ]
        }
      ]
    },
    {
      "module": "module.networking",
      "mode": "managed",
      "type": "aws_nat_gateway",
      "name": "nat_gateway",
      "provider": "provider[\"registry.terraform.io/hashicorp/aws\"]",
      "instances": [
        {
          "schema_version": 0,
          "attributes": {
            "allocation_id": "eipalloc-0c09597e0e7135c04",
            "association_id": "eipassoc-0af2d35da412cd23f",
            "connectivity_type": "public",
            "id": "nat-0a46050f3776135e4",
            "network_interface_id": "eni-0cce8bee7e67dbef5",
            "private_ip": "10.0.3.191",
            "public_ip": "52.40.144.210",
            "secondary_allocation_ids": null,
            "secondary_private_ip_address_count": 0,
            "secondary_private_ip_addresses": [],
            "subnet_id": "subnet-07f7addfb9c923c72",
            "tags": null,
            "tags_all": {},
            "timeouts": null
          },
          "sensitive_attributes": [],
          "private": "eyJlMmJmYjczMC1lY2FhLTExZTYtOGY4OC0zNDM2M2JjN2M0YzAiOnsiY3JlYXRlIjo2MDAwMDAwMDAwMDAsImRlbGV0ZSI6MTgwMDAwMDAwMDAwMCwidXBkYXRlIjo2MDAwMDAwMDAwMDB9fQ==",
          "dependencies": [
            "module.networking.aws_eip.nat",
            "module.networking.aws_internet_gateway.ig",
            "module.networking.aws_subnet.public_subnet",
            "module.networking.aws_vpc.vpc"
          ]
        }
      ]
    },
    {
      "module": "module.networking",
      "mode": "managed",
      "type": "aws_route_table",
      "name": "private",
      "provider": "provider[\"registry.terraform.io/hashicorp/aws\"]",
      "instances": [
        {
          "schema_version": 0,
          "attributes": {
            "arn": "arn:aws:ec2:us-west-2:311141558090:route-table/rtb-03f42d13743f42cf3",
            "id": "rtb-03f42d13743f42cf3",
            "owner_id": "311141558090",
            "propagating_vgws": [],
            "route": [
              {
                "carrier_gateway_id": "",
                "cidr_block": "0.0.0.0/0",
                "core_network_arn": "",
                "destination_prefix_list_id": "",
                "egress_only_gateway_id": "",
                "gateway_id": "nat-0a46050f3776135e4",
                "ipv6_cidr_block": "",
                "local_gateway_id": "",
                "nat_gateway_id": "",
                "network_interface_id": "",
                "transit_gateway_id": "",
                "vpc_endpoint_id": "",
                "vpc_peering_connection_id": ""
              }
            ],
            "tags": null,
            "tags_all": {},
            "timeouts": null,
            "vpc_id": "vpc-048dc7bc4b9436f4e"
          },
          "sensitive_attributes": [],
          "private": "eyJlMmJmYjczMC1lY2FhLTExZTYtOGY4OC0zNDM2M2JjN2M0YzAiOnsiY3JlYXRlIjozMDAwMDAwMDAwMDAsImRlbGV0ZSI6MzAwMDAwMDAwMDAwLCJ1cGRhdGUiOjEyMDAwMDAwMDAwMH19",
          "dependencies": [
            "module.networking.aws_eip.nat",
            "module.networking.aws_internet_gateway.ig",
            "module.networking.aws_nat_gateway.nat_gateway",
            "module.networking.aws_subnet.public_subnet",
            "module.networking.aws_vpc.vpc"
          ]
        }
      ]
    },
    {
      "module": "module.networking",
      "mode": "managed",
      "type": "aws_route_table",
      "name": "public",
      "provider": "provider[\"registry.terraform.io/hashicorp/aws\"]",
      "instances": [
        {
          "schema_version": 0,
          "attributes": {
            "arn": "arn:aws:ec2:us-west-2:311141558090:route-table/rtb-0418879ce10a3919c",
            "id": "rtb-0418879ce10a3919c",
            "owner_id": "311141558090",
            "propagating_vgws": [],
            "route": [
              {
                "carrier_gateway_id": "",
                "cidr_block": "0.0.0.0/0",
                "core_network_arn": "",
                "destination_prefix_list_id": "",
                "egress_only_gateway_id": "",
                "gateway_id": "igw-0a850c1408344ddad",
                "ipv6_cidr_block": "",
                "local_gateway_id": "",
                "nat_gateway_id": "",
                "network_interface_id": "",
                "transit_gateway_id": "",
                "vpc_endpoint_id": "",
                "vpc_peering_connection_id": ""
              }
            ],
            "tags": null,
            "tags_all": {},
            "timeouts": null,
            "vpc_id": "vpc-048dc7bc4b9436f4e"
          },
          "sensitive_attributes": [],
          "private": "eyJlMmJmYjczMC1lY2FhLTExZTYtOGY4OC0zNDM2M2JjN2M0YzAiOnsiY3JlYXRlIjozMDAwMDAwMDAwMDAsImRlbGV0ZSI6MzAwMDAwMDAwMDAwLCJ1cGRhdGUiOjEyMDAwMDAwMDAwMH19",
          "dependencies": [
            "module.networking.aws_internet_gateway.ig",
            "module.networking.aws_vpc.vpc"
          ]
        }
      ]
    },
    {
      "module": "module.networking",
      "mode": "managed",
      "type": "aws_route_table_association",
      "name": "private",
      "provider": "provider[\"registry.terraform.io/hashicorp/aws\"]",
      "instances": [
        {
          "index_key": "0",
          "schema_version": 0,
          "attributes": {
            "gateway_id": "",
            "id": "rtbassoc-0ef36150442dd070f",
            "route_table_id": "rtb-03f42d13743f42cf3",
            "subnet_id": "subnet-0a17afa3f66744fe7",
            "timeouts": null
          },
          "sensitive_attributes": [],
          "private": "eyJlMmJmYjczMC1lY2FhLTExZTYtOGY4OC0zNDM2M2JjN2M0YzAiOnsiY3JlYXRlIjozMDAwMDAwMDAwMDAsImRlbGV0ZSI6MzAwMDAwMDAwMDAwLCJ1cGRhdGUiOjEyMDAwMDAwMDAwMH19",
          "dependencies": [
            "module.networking.aws_eip.nat",
            "module.networking.aws_internet_gateway.ig",
            "module.networking.aws_nat_gateway.nat_gateway",
            "module.networking.aws_route_table.private",
            "module.networking.aws_subnet.private_subnet",
            "module.networking.aws_subnet.public_subnet",
            "module.networking.aws_vpc.vpc"
          ]
        },
        {
          "index_key": "1",
          "schema_version": 0,
          "attributes": {
            "gateway_id": "",
            "id": "rtbassoc-0555de2d225e123fe",
            "route_table_id": "rtb-03f42d13743f42cf3",
            "subnet_id": "subnet-0f4004abd5dba5a94",
            "timeouts": null
          },
          "sensitive_attributes": [],
          "private": "eyJlMmJmYjczMC1lY2FhLTExZTYtOGY4OC0zNDM2M2JjN2M0YzAiOnsiY3JlYXRlIjozMDAwMDAwMDAwMDAsImRlbGV0ZSI6MzAwMDAwMDAwMDAwLCJ1cGRhdGUiOjEyMDAwMDAwMDAwMH19",
          "dependencies": [
            "module.networking.aws_eip.nat",
            "module.networking.aws_internet_gateway.ig",
            "module.networking.aws_nat_gateway.nat_gateway",
            "module.networking.aws_route_table.private",
            "module.networking.aws_subnet.private_subnet",
            "module.networking.aws_subnet.public_subnet",
            "module.networking.aws_vpc.vpc"
          ]
        }
      ]
    },
    {
      "module": "module.networking",
      "mode": "managed",
      "type": "aws_route_table_association",
      "name": "public",
      "provider": "provider[\"registry.terraform.io/hashicorp/aws\"]",
      "instances": [
        {
          "index_key": "0",
          "schema_version": 0,
          "attributes": {
            "gateway_id": "",
            "id": "rtbassoc-0ab7b76c7c453d51c",
            "route_table_id": "rtb-0418879ce10a3919c",
            "subnet_id": "subnet-07f7addfb9c923c72",
            "timeouts": null
          },
          "sensitive_attributes": [],
          "private": "eyJlMmJmYjczMC1lY2FhLTExZTYtOGY4OC0zNDM2M2JjN2M0YzAiOnsiY3JlYXRlIjozMDAwMDAwMDAwMDAsImRlbGV0ZSI6MzAwMDAwMDAwMDAwLCJ1cGRhdGUiOjEyMDAwMDAwMDAwMH19",
          "dependencies": [
            "module.networking.aws_internet_gateway.ig",
            "module.networking.aws_route_table.public",
            "module.networking.aws_subnet.public_subnet",
            "module.networking.aws_vpc.vpc"
          ]
        },
        {
          "index_key": "1",
          "schema_version": 0,
          "attributes": {
            "gateway_id": "",
            "id": "rtbassoc-0e83e8f3109d2fed6",
            "route_table_id": "rtb-0418879ce10a3919c",
            "subnet_id": "subnet-01a00e449d5165e74",
            "timeouts": null
          },
          "sensitive_attributes": [],
          "private": "eyJlMmJmYjczMC1lY2FhLTExZTYtOGY4OC0zNDM2M2JjN2M0YzAiOnsiY3JlYXRlIjozMDAwMDAwMDAwMDAsImRlbGV0ZSI6MzAwMDAwMDAwMDAwLCJ1cGRhdGUiOjEyMDAwMDAwMDAwMH19",
          "dependencies": [
            "module.networking.aws_internet_gateway.ig",
            "module.networking.aws_route_table.public",
            "module.networking.aws_subnet.public_subnet",
            "module.networking.aws_vpc.vpc"
          ]
        }
      ]
    },
    {
      "module": "module.networking",
      "mode": "managed",
      "type": "aws_subnet",
      "name": "private_subnet",
      "provider": "provider[\"registry.terraform.io/hashicorp/aws\"]",
      "instances": [
        {
          "index_key": 0,
          "schema_version": 1,
          "attributes": {
            "arn": "arn:aws:ec2:us-west-2:311141558090:subnet/subnet-0a17afa3f66744fe7",
            "assign_ipv6_address_on_creation": false,
            "availability_zone": "us-west-2a",
            "availability_zone_id": "usw2-az1",
            "cidr_block": "10.0.1.0/24",
            "customer_owned_ipv4_pool": "",
            "enable_dns64": false,
            "enable_lni_at_device_index": 0,
            "enable_resource_name_dns_a_record_on_launch": false,
            "enable_resource_name_dns_aaaa_record_on_launch": false,
            "id": "subnet-0a17afa3f66744fe7",
            "ipv6_cidr_block": "",
            "ipv6_cidr_block_association_id": "",
            "ipv6_native": false,
            "map_customer_owned_ip_on_launch": false,
            "map_public_ip_on_launch": false,
            "outpost_arn": "",
            "owner_id": "311141558090",
            "private_dns_hostname_type_on_launch": "ip-name",
            "tags": {
              "Name": "Private Subnet"
            },
            "tags_all": {
              "Name": "Private Subnet"
            },
            "timeouts": null,
            "vpc_id": "vpc-048dc7bc4b9436f4e"
          },
          "sensitive_attributes": [],
          "private": "eyJlMmJmYjczMC1lY2FhLTExZTYtOGY4OC0zNDM2M2JjN2M0YzAiOnsiY3JlYXRlIjo2MDAwMDAwMDAwMDAsImRlbGV0ZSI6MTIwMDAwMDAwMDAwMH0sInNjaGVtYV92ZXJzaW9uIjoiMSJ9",
          "dependencies": [
            "module.networking.aws_vpc.vpc"
          ]
        },
        {
          "index_key": 1,
          "schema_version": 1,
          "attributes": {
            "arn": "arn:aws:ec2:us-west-2:311141558090:subnet/subnet-0f4004abd5dba5a94",
            "assign_ipv6_address_on_creation": false,
            "availability_zone": "us-west-2b",
            "availability_zone_id": "usw2-az2",
            "cidr_block": "10.0.2.0/24",
            "customer_owned_ipv4_pool": "",
            "enable_dns64": false,
            "enable_lni_at_device_index": 0,
            "enable_resource_name_dns_a_record_on_launch": false,
            "enable_resource_name_dns_aaaa_record_on_launch": false,
            "id": "subnet-0f4004abd5dba5a94",
            "ipv6_cidr_block": "",
            "ipv6_cidr_block_association_id": "",
            "ipv6_native": false,
            "map_customer_owned_ip_on_launch": false,
            "map_public_ip_on_launch": false,
            "outpost_arn": "",
            "owner_id": "311141558090",
            "private_dns_hostname_type_on_launch": "ip-name",
            "tags": {
              "Name": "Private Subnet"
            },
            "tags_all": {
              "Name": "Private Subnet"
            },
            "timeouts": null,
            "vpc_id": "vpc-048dc7bc4b9436f4e"
          },
          "sensitive_attributes": [],
          "private": "eyJlMmJmYjczMC1lY2FhLTExZTYtOGY4OC0zNDM2M2JjN2M0YzAiOnsiY3JlYXRlIjo2MDAwMDAwMDAwMDAsImRlbGV0ZSI6MTIwMDAwMDAwMDAwMH0sInNjaGVtYV92ZXJzaW9uIjoiMSJ9",
          "dependencies": [
            "module.networking.aws_vpc.vpc"
          ]
        }
      ]
    },
    {
      "module": "module.networking",
      "mode": "managed",
      "type": "aws_subnet",
      "name": "public_subnet",
      "provider": "provider[\"registry.terraform.io/hashicorp/aws\"]",
      "instances": [
        {
          "index_key": 0,
          "schema_version": 1,
          "attributes": {
            "arn": "arn:aws:ec2:us-west-2:311141558090:subnet/subnet-07f7addfb9c923c72",
            "assign_ipv6_address_on_creation": false,
            "availability_zone": "us-west-2a",
            "availability_zone_id": "usw2-az1",
            "cidr_block": "10.0.3.0/24",
            "customer_owned_ipv4_pool": "",
            "enable_dns64": false,
            "enable_lni_at_device_index": 0,
            "enable_resource_name_dns_a_record_on_launch": false,
            "enable_resource_name_dns_aaaa_record_on_launch": false,
            "id": "subnet-07f7addfb9c923c72",
            "ipv6_cidr_block": "",
            "ipv6_cidr_block_association_id": "",
            "ipv6_native": false,
            "map_customer_owned_ip_on_launch": false,
            "map_public_ip_on_launch": false,
            "outpost_arn": "",
            "owner_id": "311141558090",
            "private_dns_hostname_type_on_launch": "ip-name",
            "tags": {
              "Name": "Public Subnet"
            },
            "tags_all": {
              "Name": "Public Subnet"
            },
            "timeouts": null,
            "vpc_id": "vpc-048dc7bc4b9436f4e"
          },
          "sensitive_attributes": [],
          "private": "eyJlMmJmYjczMC1lY2FhLTExZTYtOGY4OC0zNDM2M2JjN2M0YzAiOnsiY3JlYXRlIjo2MDAwMDAwMDAwMDAsImRlbGV0ZSI6MTIwMDAwMDAwMDAwMH0sInNjaGVtYV92ZXJzaW9uIjoiMSJ9",
          "dependencies": [
            "module.networking.aws_vpc.vpc"
          ]
        },
        {
          "index_key": 1,
          "schema_version": 1,
          "attributes": {
            "arn": "arn:aws:ec2:us-west-2:311141558090:subnet/subnet-01a00e449d5165e74",
            "assign_ipv6_address_on_creation": false,
            "availability_zone": "us-west-2b",
            "availability_zone_id": "usw2-az2",
            "cidr_block": "10.0.4.0/24",
            "customer_owned_ipv4_pool": "",
            "enable_dns64": false,
            "enable_lni_at_device_index": 0,
            "enable_resource_name_dns_a_record_on_launch": false,
            "enable_resource_name_dns_aaaa_record_on_launch": false,
            "id": "subnet-01a00e449d5165e74",
            "ipv6_cidr_block": "",
            "ipv6_cidr_block_association_id": "",
            "ipv6_native": false,
            "map_customer_owned_ip_on_launch": false,
            "map_public_ip_on_launch": false,
            "outpost_arn": "",
            "owner_id": "311141558090",
            "private_dns_hostname_type_on_launch": "ip-name",
            "tags": {
              "Name": "Public Subnet"
            },
            "tags_all": {
              "Name": "Public Subnet"
            },
            "timeouts": null,
            "vpc_id": "vpc-048dc7bc4b9436f4e"
          },
          "sensitive_attributes": [],
          "private": "eyJlMmJmYjczMC1lY2FhLTExZTYtOGY4OC0zNDM2M2JjN2M0YzAiOnsiY3JlYXRlIjo2MDAwMDAwMDAwMDAsImRlbGV0ZSI6MTIwMDAwMDAwMDAwMH0sInNjaGVtYV92ZXJzaW9uIjoiMSJ9",
          "dependencies": [
            "module.networking.aws_vpc.vpc"
          ]
        }
      ]
    },
    {
      "module": "module.networking",
      "mode": "managed",
      "type": "aws_vpc",
      "name": "vpc",
      "provider": "provider[\"registry.terraform.io/hashicorp/aws\"]",
      "instances": [
        {
          "schema_version": 1,
          "attributes": {
            "arn": "arn:aws:ec2:us-west-2:311141558090:vpc/vpc-048dc7bc4b9436f4e",
            "assign_generated_ipv6_cidr_block": false,
            "cidr_block": "10.0.0.0/16",
            "default_network_acl_id": "acl-0ca28e09a86ec4752",
            "default_route_table_id": "rtb-036ef7135199de97d",
            "default_security_group_id": "sg-0f3fc06f4bb3dbca3",
            "dhcp_options_id": "dopt-0f4e13223bb20b55b",
            "enable_dns_hostnames": true,
            "enable_dns_support": true,
            "enable_network_address_usage_metrics": false,
            "id": "vpc-048dc7bc4b9436f4e",
            "instance_tenancy": "default",
            "ipv4_ipam_pool_id": null,
            "ipv4_netmask_length": null,
            "ipv6_association_id": "",
            "ipv6_cidr_block": "",
            "ipv6_cidr_block_network_border_group": "",
            "ipv6_ipam_pool_id": "",
            "ipv6_netmask_length": 0,
            "main_route_table_id": "rtb-036ef7135199de97d",
            "owner_id": "311141558090",
            "tags": {
              "Name": "My VPC"
            },
            "tags_all": {
              "Name": "My VPC"
            }
          },
          "sensitive_attributes": [],
          "private": "eyJzY2hlbWFfdmVyc2lvbiI6IjEifQ=="
        }
      ]
    },
    {
      "module": "module.securitygroup.module.alb_sg",
      "mode": "managed",
      "type": "aws_security_group",
      "name": "security_group",
      "provider": "provider[\"registry.terraform.io/hashicorp/aws\"]",
      "instances": [
        {
          "schema_version": 1,
          "attributes": {
            "arn": "arn:aws:ec2:us-west-2:311141558090:security-group/sg-0a4bc4f4f15890bd6",
            "description": "Managed by Terraform",
            "egress": [
              {
                "cidr_blocks": [
                  "0.0.0.0/0"
                ],
                "description": "",
                "from_port": 0,
                "ipv6_cidr_blocks": [],
                "prefix_list_ids": [],
                "protocol": "-1",
                "security_groups": [],
                "self": false,
                "to_port": 0
              }
            ],
            "id": "sg-0a4bc4f4f15890bd6",
            "ingress": [
              {
                "cidr_blocks": [
                  "0.0.0.0/0"
                ],
                "description": "",
                "from_port": 80,
                "ipv6_cidr_blocks": [],
                "prefix_list_ids": [],
                "protocol": "tcp",
                "security_groups": [],
                "self": false,
                "to_port": 80
              },
              {
                "cidr_blocks": [],
                "description": "",
                "from_port": 0,
                "ipv6_cidr_blocks": [],
                "prefix_list_ids": [],
                "protocol": "-1",
                "security_groups": [],
                "self": true,
                "to_port": 0
              }
            ],
            "name": "terraform-20240919040652145800000003",
            "name_prefix": "terraform-",
            "owner_id": "311141558090",
            "revoke_rules_on_delete": false,
            "tags": null,
            "tags_all": {},
            "timeouts": null,
            "vpc_id": "vpc-048dc7bc4b9436f4e"
          },
          "sensitive_attributes": [],
          "private": "eyJlMmJmYjczMC1lY2FhLTExZTYtOGY4OC0zNDM2M2JjN2M0YzAiOnsiY3JlYXRlIjo2MDAwMDAwMDAwMDAsImRlbGV0ZSI6OTAwMDAwMDAwMDAwfSwic2NoZW1hX3ZlcnNpb24iOiIxIn0=",
          "dependencies": [
            "module.networking.aws_vpc.vpc"
          ]
        }
      ]
    },
    {
      "module": "module.securitygroup.module.bastion_sg",
      "mode": "managed",
      "type": "aws_security_group",
      "name": "security_group",
      "provider": "provider[\"registry.terraform.io/hashicorp/aws\"]",
      "instances": [
        {
          "schema_version": 1,
          "attributes": {
            "arn": "arn:aws:ec2:us-west-2:311141558090:security-group/sg-0993eb02a4a94c987",
            "description": "Allow SSH inbound connections",
            "egress": [
              {
                "cidr_blocks": [
                  "0.0.0.0/0"
                ],
                "description": "",
                "from_port": 0,
                "ipv6_cidr_blocks": [],
                "prefix_list_ids": [],
                "protocol": "-1",
                "security_groups": [],
                "self": false,
                "to_port": 0
              }
            ],
            "id": "sg-0993eb02a4a94c987",
            "ingress": [
              {
                "cidr_blocks": [
                  "0.0.0.0/0"
                ],
                "description": "",
                "from_port": 22,
                "ipv6_cidr_blocks": [],
                "prefix_list_ids": [],
                "protocol": "tcp",
                "security_groups": [],
                "self": false,
                "to_port": 22
              },
              {
                "cidr_blocks": [],
                "description": "",
                "from_port": 0,
                "ipv6_cidr_blocks": [],
                "prefix_list_ids": [],
                "protocol": "-1",
                "security_groups": [],
                "self": true,
                "to_port": 0
              }
            ],
            "name": "terraform-20240919040652148000000004",
            "name_prefix": "terraform-",
            "owner_id": "311141558090",
            "revoke_rules_on_delete": false,
            "tags": null,
            "tags_all": {},
            "timeouts": null,
            "vpc_id": "vpc-048dc7bc4b9436f4e"
          },
          "sensitive_attributes": [],
          "private": "eyJlMmJmYjczMC1lY2FhLTExZTYtOGY4OC0zNDM2M2JjN2M0YzAiOnsiY3JlYXRlIjo2MDAwMDAwMDAwMDAsImRlbGV0ZSI6OTAwMDAwMDAwMDAwfSwic2NoZW1hX3ZlcnNpb24iOiIxIn0=",
          "dependencies": [
            "module.networking.aws_vpc.vpc"
          ]
        }
      ]
    },
    {
      "module": "module.securitygroup.module.db_sg",
      "mode": "managed",
      "type": "aws_security_group",
      "name": "security_group",
      "provider": "provider[\"registry.terraform.io/hashicorp/aws\"]",
      "instances": [
        {
          "schema_version": 1,
          "attributes": {
            "arn": "arn:aws:ec2:us-west-2:311141558090:security-group/sg-026311d36271cce42",
            "description": "Managed by Terraform",
            "egress": [
              {
                "cidr_blocks": [
                  "0.0.0.0/0"
                ],
                "description": "",
                "from_port": 0,
                "ipv6_cidr_blocks": [],
                "prefix_list_ids": [],
                "protocol": "-1",
                "security_groups": [],
                "self": false,
                "to_port": 0
              }
            ],
            "id": "sg-026311d36271cce42",
            "ingress": [
              {
                "cidr_blocks": [],
                "description": "",
                "from_port": 0,
                "ipv6_cidr_blocks": [],
                "prefix_list_ids": [],
                "protocol": "-1",
                "security_groups": [],
                "self": true,
                "to_port": 0
              },
              {
                "cidr_blocks": [],
                "description": "",
                "from_port": 5432,
                "ipv6_cidr_blocks": [],
                "prefix_list_ids": [],
                "protocol": "tcp",
                "security_groups": [
                  "sg-015422ec79d48e7dc"
                ],
                "self": false,
                "to_port": 5432
              }
            ],
            "name": "terraform-20240919040700754600000008",
            "name_prefix": "terraform-",
            "owner_id": "311141558090",
            "revoke_rules_on_delete": false,
            "tags": null,
            "tags_all": {},
            "timeouts": null,
            "vpc_id": "vpc-048dc7bc4b9436f4e"
          },
          "sensitive_attributes": [],
          "private": "eyJlMmJmYjczMC1lY2FhLTExZTYtOGY4OC0zNDM2M2JjN2M0YzAiOnsiY3JlYXRlIjo2MDAwMDAwMDAwMDAsImRlbGV0ZSI6OTAwMDAwMDAwMDAwfSwic2NoZW1hX3ZlcnNpb24iOiIxIn0=",
          "dependencies": [
            "module.networking.aws_vpc.vpc",
            "module.securitygroup.module.alb_sg.aws_security_group.security_group",
            "module.securitygroup.module.bastion_sg.aws_security_group.security_group",
            "module.securitygroup.module.web_sg.aws_security_group.security_group"
          ]
        }
      ]
    },
    {
      "module": "module.securitygroup.module.web_sg",
      "mode": "managed",
      "type": "aws_security_group",
      "name": "security_group",
      "provider": "provider[\"registry.terraform.io/hashicorp/aws\"]",
      "instances": [
        {
          "schema_version": 1,
          "attributes": {
            "arn": "arn:aws:ec2:us-west-2:311141558090:security-group/sg-015422ec79d48e7dc",
            "description": "Managed by Terraform",
            "egress": [
              {
                "cidr_blocks": [
                  "0.0.0.0/0"
                ],
                "description": "",
                "from_port": 0,
                "ipv6_cidr_blocks": [],
                "prefix_list_ids": [],
                "protocol": "-1",
                "security_groups": [],
                "self": false,
                "to_port": 0
              }
            ],
            "id": "sg-015422ec79d48e7dc",
            "ingress": [
              {
                "cidr_blocks": [],
                "description": "",
                "from_port": 0,
                "ipv6_cidr_blocks": [],
                "prefix_list_ids": [],
                "protocol": "-1",
                "security_groups": [],
                "self": true,
                "to_port": 0
              },
              {
                "cidr_blocks": [],
                "description": "",
                "from_port": 22,
                "ipv6_cidr_blocks": [],
                "prefix_list_ids": [],
                "protocol": "tcp",
                "security_groups": [
                  "sg-0993eb02a4a94c987"
                ],
                "self": false,
                "to_port": 22
              },
              {
                "cidr_blocks": [],
                "description": "",
                "from_port": 80,
                "ipv6_cidr_blocks": [],
                "prefix_list_ids": [],
                "protocol": "tcp",
                "security_groups": [
                  "sg-0a4bc4f4f15890bd6"
                ],
                "self": false,
                "to_port": 80
              }
            ],
            "name": "terraform-20240919040656313300000007",
            "name_prefix": "terraform-",
            "owner_id": "311141558090",
            "revoke_rules_on_delete": false,
            "tags": null,
            "tags_all": {},
            "timeouts": null,
            "vpc_id": "vpc-048dc7bc4b9436f4e"
          },
          "sensitive_attributes": [],
          "private": "eyJlMmJmYjczMC1lY2FhLTExZTYtOGY4OC0zNDM2M2JjN2M0YzAiOnsiY3JlYXRlIjo2MDAwMDAwMDAwMDAsImRlbGV0ZSI6OTAwMDAwMDAwMDAwfSwic2NoZW1hX3ZlcnNpb24iOiIxIn0=",
          "dependencies": [
            "module.networking.aws_vpc.vpc",
            "module.securitygroup.module.alb_sg.aws_security_group.security_group",
            "module.securitygroup.module.bastion_sg.aws_security_group.security_group"
          ]
        }
      ]
    },
    {
      "module": "module.web_server",
      "mode": "data",
      "type": "aws_ami",
      "name": "ami",
      "provider": "provider[\"registry.terraform.io/hashicorp/aws\"]",
      "instances": [
        {
          "schema_version": 0,
          "attributes": {
            "architecture": "x86_64",
            "arn": "arn:aws:ec2:us-west-2::image/ami-079467ea8dd191734",
            "block_device_mappings": [
              {
                "device_name": "/dev/sda1",
                "ebs": {
                  "delete_on_termination": "true",
                  "encrypted": "false",
                  "iops": "0",
                  "snapshot_id": "snap-061b94e0f988456be",
                  "throughput": "0",
                  "volume_size": "8",
                  "volume_type": "gp2"
                },
                "no_device": "",
                "virtual_name": ""
              },
              {
                "device_name": "/dev/sdb",
                "ebs": {},
                "no_device": "",
                "virtual_name": "ephemeral0"
              },
              {
                "device_name": "/dev/sdc",
                "ebs": {},
                "no_device": "",
                "virtual_name": "ephemeral1"
              }
            ],
            "boot_mode": "legacy-bios",
            "creation_date": "2024-08-22T20:00:44.000Z",
            "deprecation_time": "2026-08-22T20:00:44.000Z",
            "description": "Canonical, Ubuntu, 20.04 LTS, amd64 focal image build on 2024-08-21",
            "ena_support": true,
            "executable_users": null,
            "filter": [
              {
                "name": "name",
                "values": [
                  "ubuntu/images/hvm-ssd/ubuntu-focal-20.04-amd64-server-*"
                ]
              }
            ],
            "hypervisor": "xen",
            "id": "ami-079467ea8dd191734",
            "image_id": "ami-079467ea8dd191734",
            "image_location": "amazon/ubuntu/images/hvm-ssd/ubuntu-focal-20.04-amd64-server-20240821",
            "image_owner_alias": "amazon",
            "image_type": "machine",
            "imds_support": "",
            "include_deprecated": false,
            "kernel_id": "",
            "most_recent": true,
            "name": "ubuntu/images/hvm-ssd/ubuntu-focal-20.04-amd64-server-20240821",
            "name_regex": null,
            "owner_id": "099720109477",
            "owners": [
              "099720109477"
            ],
            "platform": "",
            "platform_details": "Linux/UNIX",
            "product_codes": [],
            "public": true,
            "ramdisk_id": "",
            "root_device_name": "/dev/sda1",
            "root_device_type": "ebs",
            "root_snapshot_id": "snap-061b94e0f988456be",
            "sriov_net_support": "simple",
            "state": "available",
            "state_reason": {
              "code": "UNSET",
              "message": "UNSET"
            },
            "tags": {},
            "timeouts": null,
            "tpm_support": "",
            "usage_operation": "RunInstances",
            "virtualization_type": "hvm"
          },
          "sensitive_attributes": []
        }
      ]
    },
    {
      "module": "module.web_server",
      "mode": "managed",
      "type": "aws_eip",
      "name": "eip",
      "provider": "provider[\"registry.terraform.io/hashicorp/aws\"]",
      "instances": [
        {
          "schema_version": 0,
          "attributes": {
            "address": null,
            "allocation_id": "eipalloc-0cb103c8cd150f06b",
            "arn": "arn:aws:ec2:us-west-2:311141558090:elastic-ip/eipalloc-0cb103c8cd150f06b",
            "associate_with_private_ip": null,
            "association_id": "",
            "carrier_ip": "",
            "customer_owned_ip": "",
            "customer_owned_ipv4_pool": "",
            "domain": "vpc",
            "id": "eipalloc-0cb103c8cd150f06b",
            "instance": "",
            "network_border_group": "us-west-2",
            "network_interface": "",
            "private_dns": null,
            "private_ip": "",
            "ptr_record": "",
            "public_dns": "ec2-34-214-75-76.us-west-2.compute.amazonaws.com",
            "public_ip": "34.214.75.76",
            "public_ipv4_pool": "amazon",
            "tags": null,
            "tags_all": {},
            "timeouts": null,
            "vpc": true
          },
          "sensitive_attributes": [],
          "private": "eyJlMmJmYjczMC1lY2FhLTExZTYtOGY4OC0zNDM2M2JjN2M0YzAiOnsiZGVsZXRlIjoxODAwMDAwMDAwMDAsInJlYWQiOjkwMDAwMDAwMDAwMCwidXBkYXRlIjozMDAwMDAwMDAwMDB9fQ=="
        }
      ]
    },
    {
      "module": "module.web_server",
      "mode": "managed",
      "type": "aws_eip_association",
      "name": "eip-association",
      "provider": "provider[\"registry.terraform.io/hashicorp/aws\"]",
      "instances": [
        {
          "schema_version": 0,
          "attributes": {
            "allocation_id": "eipalloc-0cb103c8cd150f06b",
            "allow_reassociation": null,
            "id": "eipassoc-015469c8054cd1b4d",
            "instance_id": "i-05f601050ad601122",
            "network_interface_id": "eni-003bd3ac3aca96212",
            "private_ip_address": "10.0.1.158",
            "public_ip": "34.214.75.76"
          },
          "sensitive_attributes": [],
          "private": "bnVsbA==",
          "dependencies": [
            "module.networking.aws_subnet.private_subnet",
            "module.networking.aws_vpc.vpc",
            "module.securitygroup.module.alb_sg.aws_security_group.security_group",
            "module.securitygroup.module.bastion_sg.aws_security_group.security_group",
            "module.securitygroup.module.db_sg.aws_security_group.security_group",
            "module.securitygroup.module.web_sg.aws_security_group.security_group",
            "module.web_server.aws_eip.eip",
            "module.web_server.aws_instance.server",
            "module.web_server.aws_key_pair.key_pair",
            "module.web_server.aws_network_interface.interface",
            "module.web_server.data.aws_ami.ami",
            "module.web_server.tls_private_key.rsa"
          ]
        }
      ]
    },
    {
      "module": "module.web_server",
      "mode": "managed",
      "type": "aws_instance",
      "name": "server",
      "provider": "provider[\"registry.terraform.io/hashicorp/aws\"]",
      "instances": [
        {
          "schema_version": 1,
          "attributes": {
            "ami": "ami-079467ea8dd191734",
            "arn": "arn:aws:ec2:us-west-2:311141558090:instance/i-05f601050ad601122",
            "associate_public_ip_address": false,
            "availability_zone": "us-west-2a",
            "capacity_reservation_specification": [
              {
                "capacity_reservation_preference": "open",
                "capacity_reservation_target": []
              }
            ],
            "cpu_core_count": 1,
            "cpu_options": [
              {
                "amd_sev_snp": "",
                "core_count": 1,
                "threads_per_core": 1
              }
            ],
            "cpu_threads_per_core": 1,
            "credit_specification": [
              {
                "cpu_credits": "standard"
              }
            ],
            "disable_api_stop": false,
            "disable_api_termination": false,
            "ebs_block_device": [],
            "ebs_optimized": false,
            "enclave_options": [
              {
                "enabled": false
              }
            ],
            "ephemeral_block_device": [],
            "get_password_data": false,
            "hibernation": false,
            "host_id": "",
            "host_resource_group_arn": null,
            "iam_instance_profile": "",
            "id": "i-05f601050ad601122",
            "instance_initiated_shutdown_behavior": "stop",
            "instance_lifecycle": "",
            "instance_market_options": [],
            "instance_state": "running",
            "instance_type": "t2.micro",
            "ipv6_address_count": 0,
            "ipv6_addresses": [],
            "key_name": "terraform-20240919040635971000000001",
            "launch_template": [],
            "maintenance_options": [
              {
                "auto_recovery": "default"
              }
            ],
            "metadata_options": [
              {
                "http_endpoint": "enabled",
                "http_protocol_ipv6": "disabled",
                "http_put_response_hop_limit": 1,
                "http_tokens": "optional",
                "instance_metadata_tags": "disabled"
              }
            ],
            "monitoring": false,
            "network_interface": [
              {
                "delete_on_termination": false,
                "device_index": 0,
                "network_card_index": 0,
                "network_interface_id": "eni-003bd3ac3aca96212"
              }
            ],
            "outpost_arn": "",
            "password_data": "",
            "placement_group": "",
            "placement_partition_number": 0,
            "primary_network_interface_id": "eni-003bd3ac3aca96212",
            "private_dns": "ip-10-0-1-158.us-west-2.compute.internal",
            "private_dns_name_options": [
              {
                "enable_resource_name_dns_a_record": false,
                "enable_resource_name_dns_aaaa_record": false,
                "hostname_type": "ip-name"
              }
            ],
            "private_ip": "10.0.1.158",
            "public_dns": "",
            "public_ip": "",
            "root_block_device": [
              {
                "delete_on_termination": true,
                "device_name": "/dev/sda1",
                "encrypted": false,
                "iops": 100,
                "kms_key_id": "",
                "tags": {},
                "tags_all": {},
                "throughput": 0,
                "volume_id": "vol-0ff651b2f6dff4482",
                "volume_size": 8,
                "volume_type": "gp2"
              }
            ],
            "secondary_private_ips": [],
            "security_groups": [],
            "source_dest_check": true,
            "spot_instance_request_id": "",
            "subnet_id": "subnet-0a17afa3f66744fe7",
            "tags": {
              "Name": "Web Server"
            },
            "tags_all": {
              "Name": "Web Server"
            },
            "tenancy": "default",
            "timeouts": null,
            "user_data": null,
            "user_data_base64": null,
            "user_data_replace_on_change": false,
            "volume_tags": null,
            "vpc_security_group_ids": [
              "sg-015422ec79d48e7dc"
            ]
          },
          "sensitive_attributes": [],
          "private": "eyJlMmJmYjczMC1lY2FhLTExZTYtOGY4OC0zNDM2M2JjN2M0YzAiOnsiY3JlYXRlIjo2MDAwMDAwMDAwMDAsImRlbGV0ZSI6MTIwMDAwMDAwMDAwMCwicmVhZCI6OTAwMDAwMDAwMDAwLCJ1cGRhdGUiOjYwMDAwMDAwMDAwMH0sInNjaGVtYV92ZXJzaW9uIjoiMSJ9",
          "dependencies": [
            "module.networking.aws_subnet.private_subnet",
            "module.networking.aws_vpc.vpc",
            "module.securitygroup.module.alb_sg.aws_security_group.security_group",
            "module.securitygroup.module.bastion_sg.aws_security_group.security_group",
            "module.securitygroup.module.db_sg.aws_security_group.security_group",
            "module.securitygroup.module.web_sg.aws_security_group.security_group",
            "module.web_server.aws_key_pair.key_pair",
            "module.web_server.aws_network_interface.interface",
            "module.web_server.data.aws_ami.ami",
            "module.web_server.tls_private_key.rsa"
          ]
        }
      ]
    },
    {
      "module": "module.web_server",
      "mode": "managed",
      "type": "aws_key_pair",
      "name": "key_pair",
      "provider": "provider[\"registry.terraform.io/hashicorp/aws\"]",
      "instances": [
        {
          "schema_version": 1,
          "attributes": {
            "arn": "arn:aws:ec2:us-west-2:311141558090:key-pair/terraform-20240919040635971000000001",
            "fingerprint": "88:0d:e5:55:3e:0a:1c:f7:3f:cd:fd:59:21:bb:4e:cc",
            "id": "terraform-20240919040635971000000001",
            "key_name": "terraform-20240919040635971000000001",
            "key_name_prefix": "terraform-",
            "key_pair_id": "key-03cbcf98a21bf65f3",
            "key_type": "rsa",
            "public_key": "ssh-rsa AAAAB3NzaC1yc2EAAAADAQABAAABAQDJSUxoDSy17Jb00gDmUdjGNfHPRQ+FeN9G+0WoQO8GDhKBfsyXk9GbYjPSABMumqPAJEVe4CmKGSUPKxEP/S8t0FukrWsgJm7hAGIH1SyMOyIkEqdLcWB1U43HV/GGgHI0McVgPMWM+QtOOzyvfHAc7BIkbXccbzna3G5Gdm8xaloGLSBPjOk5C0GJIE34jY3j1TdANx/cl5pVTilk743nJwwZhGMqiNAyehmfq1BV4gZwTwLaFrfV6yXjgcRsXuOpea/O2KfofeND8yAySrJNxNZOsVNBB/anjE1HpCNR03XoHyYnz2iPbwUzOw89vZO/yuISkj1gKUDmBtUpjm73",
            "tags": null,
            "tags_all": {}
          },
          "sensitive_attributes": [],
          "private": "eyJzY2hlbWFfdmVyc2lvbiI6IjEifQ==",
          "dependencies": [
            "module.web_server.tls_private_key.rsa"
          ]
        }
      ]
    },
    {
      "module": "module.web_server",
      "mode": "managed",
      "type": "aws_network_interface",
      "name": "interface",
      "provider": "provider[\"registry.terraform.io/hashicorp/aws\"]",
      "instances": [
        {
          "schema_version": 0,
          "attributes": {
            "arn": "arn:aws:ec2:us-west-2:311141558090:network-interface/eni-003bd3ac3aca96212",
            "attachment": [],
            "description": "",
            "id": "eni-003bd3ac3aca96212",
            "interface_type": "interface",
            "ipv4_prefix_count": 0,
            "ipv4_prefixes": [],
            "ipv6_address_count": 0,
            "ipv6_address_list": [],
            "ipv6_address_list_enabled": false,
            "ipv6_addresses": [],
            "ipv6_prefix_count": 0,
            "ipv6_prefixes": [],
            "mac_address": "02:e4:61:c0:1f:63",
            "outpost_arn": "",
            "owner_id": "311141558090",
            "private_dns_name": "ip-10-0-1-158.us-west-2.compute.internal",
            "private_ip": "10.0.1.158",
            "private_ip_list": [
              "10.0.1.158"
            ],
            "private_ip_list_enabled": false,
            "private_ips": [
              "10.0.1.158"
            ],
            "private_ips_count": 0,
            "security_groups": [
              "sg-015422ec79d48e7dc"
            ],
            "source_dest_check": true,
            "subnet_id": "subnet-0a17afa3f66744fe7",
            "tags": null,
            "tags_all": {}
          },
          "sensitive_attributes": [],
          "private": "bnVsbA==",
          "dependencies": [
            "module.networking.aws_subnet.private_subnet",
            "module.networking.aws_vpc.vpc",
            "module.securitygroup.module.alb_sg.aws_security_group.security_group",
            "module.securitygroup.module.bastion_sg.aws_security_group.security_group",
            "module.securitygroup.module.db_sg.aws_security_group.security_group",
            "module.securitygroup.module.web_sg.aws_security_group.security_group"
          ]
        }
      ]
    },
    {
      "module": "module.web_server",
      "mode": "managed",
      "type": "local_file",
      "name": "private-key",
      "provider": "provider[\"registry.terraform.io/hashicorp/local\"]",
      "instances": [
        {
          "schema_version": 0,
          "attributes": {
            "content": "-----BEGIN RSA PRIVATE KEY-----\nMIIEowIBAAKCAQEAyUlMaA0steyW9NIA5lHYxjXxz0UPhXjfRvtFqEDvBg4SgX7M\nl5PRm2Iz0gATLpqjwCRFXuApihklDysRD/0vLdBbpK1rICZu4QBiB9UsjDsiJBKn\nS3FgdVONx1fxhoByNDHFYDzFjPkLTjs8r3xwHOwSJG13HG852txuRnZvMWpaBi0g\nT4zpOQtBiSBN+I2N49U3QDcf3JeaVU4pZO+N5ycMGYRjKojQMnoZn6tQVeIGcE8C\n2ha31esl44HEbF7jqXmvztin6H3jQ/MgMkqyTcTWTrFTQQf2p4xNR6QjUdN16B8m\nJ89oj28FMzsPPb2Tv8riEpI9YClA5gbVKY5u9wIDAQABAoIBABH1RyrVWhLVC9bF\n0ay6yqNMdsluOOdIlGsJyfor6OdaZA5HmMtBNecuCL+IoC19QHTJB6NiTnJysdq7\nleceSJJGz5ZOnoscwrGyTgyy2SmdsPsU6vYRJHDzRmftka/VT9sWQazHXzynj3mo\nUU66xGngKfI0DfdsePXsyq3grST0VnAXcBar60gvPK9miuzOTpygQvrM07ePXYRs\nUNsCNLO0XXjU8f7+EgnXlpdjOeisR2c3r66IcsFLwV2qHlwzshcGKpdpinZOMZei\nWXPlAJccbOwQk4MA6EHdZmFOVfqM+H3tHjTG/m3FGD+R87GD3bS+D8FpqBATF2h0\nF9HdLNECgYEAz9R52q632/llUDPCPA9Kdn9qV1ofDk8zYWbaowYl197Osoku/+ml\nQVModSgkIvYRCb1a2dHvwjQXzjxe+NeeaNy7WfY6eAoGI7eSUPdWcDzwjGtl/jJu\noVNBVMnGgn30D3bInoxUOCOFvUquOSqPuaX8BS13Thv5GqyOreJxZKkCgYEA9/CO\ncUZ2qEe5sdHrpn7ySw8tYGZMrFo/yptyHJN01Aco+AGgQ7BFMXFlU2zlj4pdhxNn\nchinGaIQ31y6JweuHyyHn403sjfYHpC3Gi0kfGFCGGQ2upvH/qYNDPOGAXZEOxoY\nZUk0NSkTRKOrpeSc9sCLXwqb/ItfafoX3MLB2p8CgYEAwe/glfSclaUwqZrjEfCi\n59kWftUWTeASbj3woFhIUB0WfPwO47hAAal8A3el4QoF9DTC5qhFN9AstsMXTNbI\nd8oi+lwPS5zvBb1zyCJGgw4a2q4Nyxt8qQZr3Jc9qt+mNBgANhN1M73SO0XJNodE\n/1SozJwUzMrFteJ4ckLw1aECgYBtHm7iRZu1RhPgwb2PgjFKfXx//6Xg+Ls4hR88\nml0Bb8FFHRoWkD5zmy93/uYtPT0aVJzjZxwruNrqIto+kS+9wpBR1QndIpy4HwKm\nv5VeNEOtjnVTvXnQhe4adBbXD+DJjhuMgCI8/z3eqJXDphC6vFTaWEX8aK5uasYT\nv5cniwKBgEjNISKUgDmg3MkkRxm7WmCSA5z0k6lNxmr4AdeXciMv3sdqzwJBHZ7f\nAC31f39YHXFLgXz2z0u5ureyhgcqtEyDN/H9Lj5sJZw6NXoJXEHdhZHTLAZUpGh3\n+4wX4uJ2kMheBaj7osDkmf6873aU2Qjk9MHvtu/4eYaWon3rkA2U\n-----END RSA PRIVATE KEY-----\n",
            "content_base64": null,
            "content_base64sha256": "vcoRZhENQRYBGWQLnSvh838dDI0Y3epWSyVig2Mt8jY=",
            "content_base64sha512": "YIQvCHhriSdR1zTHySSh2qi3wNR88cgylYbCt9MQSaRCamTnXUTG3qD8wAHZI+eOSHjL0F6E0Dgp4qa6qdpIIQ==",
            "content_md5": "73e888c137dce63d564768f783a1f721",
            "content_sha1": "ecf278b294c044836afcb12d5ce1489b496ee268",
            "content_sha256": "bdca1166110d41160119640b9d2be1f37f1d0c8d18ddea564b256283632df236",
            "content_sha512": "60842f08786b892751d734c7c924a1daa8b7c0d47cf1c8329586c2b7d31049a4426a64e75d44c6dea0fcc001d923e78e4878cbd05e84d03829e2a6baa9da4821",
            "directory_permission": "0777",
            "file_permission": "0400",
            "filename": "web_key",
            "id": "ecf278b294c044836afcb12d5ce1489b496ee268",
            "sensitive_content": null,
            "source": null
          },
          "sensitive_attributes": [
            [
              {
                "type": "get_attr",
                "value": "sensitive_content"
              }
            ],
            [
              {
                "type": "get_attr",
                "value": "content"
              }
            ]
          ],
          "dependencies": [
            "module.web_server.tls_private_key.rsa"
          ]
        }
      ]
    },
    {
      "module": "module.web_server",
      "mode": "managed",
      "type": "tls_private_key",
      "name": "rsa",
      "provider": "provider[\"registry.terraform.io/hashicorp/tls\"]",
      "instances": [
        {
          "schema_version": 1,
          "attributes": {
            "algorithm": "RSA",
            "ecdsa_curve": "P224",
            "id": "1a9bda8d88daf3672f556368f460f714a0bb1de6",
            "private_key_openssh": "-----BEGIN OPENSSH PRIVATE KEY-----\nb3BlbnNzaC1rZXktdjEAAAAABG5vbmUAAAAEbm9uZQAAAAAAAAABAAABFwAAAAdz\nc2gtcnNhAAAAAwEAAQAAAQEAyUlMaA0steyW9NIA5lHYxjXxz0UPhXjfRvtFqEDv\nBg4SgX7Ml5PRm2Iz0gATLpqjwCRFXuApihklDysRD/0vLdBbpK1rICZu4QBiB9Us\njDsiJBKnS3FgdVONx1fxhoByNDHFYDzFjPkLTjs8r3xwHOwSJG13HG852txuRnZv\nMWpaBi0gT4zpOQtBiSBN+I2N49U3QDcf3JeaVU4pZO+N5ycMGYRjKojQMnoZn6tQ\nVeIGcE8C2ha31esl44HEbF7jqXmvztin6H3jQ/MgMkqyTcTWTrFTQQf2p4xNR6Qj\nUdN16B8mJ89oj28FMzsPPb2Tv8riEpI9YClA5gbVKY5u9wAAA7jIvOlMyLzpTAAA\nAAdzc2gtcnNhAAABAQDJSUxoDSy17Jb00gDmUdjGNfHPRQ+FeN9G+0WoQO8GDhKB\nfsyXk9GbYjPSABMumqPAJEVe4CmKGSUPKxEP/S8t0FukrWsgJm7hAGIH1SyMOyIk\nEqdLcWB1U43HV/GGgHI0McVgPMWM+QtOOzyvfHAc7BIkbXccbzna3G5Gdm8xaloG\nLSBPjOk5C0GJIE34jY3j1TdANx/cl5pVTilk743nJwwZhGMqiNAyehmfq1BV4gZw\nTwLaFrfV6yXjgcRsXuOpea/O2KfofeND8yAySrJNxNZOsVNBB/anjE1HpCNR03Xo\nHyYnz2iPbwUzOw89vZO/yuISkj1gKUDmBtUpjm73AAAAAwEAAQAAAQAR9Ucq1VoS\n1QvWxdGsusqjTHbJbjjnSJRrCcn6K+jnWmQOR5jLQTXnLgi/iKAtfUB0yQejYk5y\ncrHau5XnHkiSRs+WTp6LHMKxsk4MstkpnbD7FOr2ESRw80Zn7ZGv1U/bFkGsx188\np495qFFOusRp4CnyNA33bHj17Mqt4K0k9FZwF3AWq+tILzyvZorszk6coEL6zNO3\nj12EbFDbAjSztF141PH+/hIJ15aXYznorEdnN6+uiHLBS8Fdqh5cM7IXBiqXaYp2\nTjGXollz5QCXHGzsEJODAOhB3WZhTlX6jPh97R40xv5txRg/kfOxg920vg/BaagQ\nExdodBfR3SzRAAAAgEjNISKUgDmg3MkkRxm7WmCSA5z0k6lNxmr4AdeXciMv3sdq\nzwJBHZ7fAC31f39YHXFLgXz2z0u5ureyhgcqtEyDN/H9Lj5sJZw6NXoJXEHdhZHT\nLAZUpGh3+4wX4uJ2kMheBaj7osDkmf6873aU2Qjk9MHvtu/4eYaWon3rkA2UAAAA\ngQDP1Hnarrfb+WVQM8I8D0p2f2pXWh8OTzNhZtqjBiXX3s6yiS7/6aVBUyh1KCQi\n9hEJvVrZ0e/CNBfOPF74155o3LtZ9jp4CgYjt5JQ91ZwPPCMa2X+Mm6hU0FUycaC\nffQPdsiejFQ4I4W9Sq45Ko+5pfwFLXdOG/karI6t4nFkqQAAAIEA9/COcUZ2qEe5\nsdHrpn7ySw8tYGZMrFo/yptyHJN01Aco+AGgQ7BFMXFlU2zlj4pdhxNnchinGaIQ\n31y6JweuHyyHn403sjfYHpC3Gi0kfGFCGGQ2upvH/qYNDPOGAXZEOxoYZUk0NSkT\nRKOrpeSc9sCLXwqb/ItfafoX3MLB2p8AAAAAAQID\n-----END OPENSSH PRIVATE KEY-----\n",
            "private_key_pem": "-----BEGIN RSA PRIVATE KEY-----\nMIIEowIBAAKCAQEAyUlMaA0steyW9NIA5lHYxjXxz0UPhXjfRvtFqEDvBg4SgX7M\nl5PRm2Iz0gATLpqjwCRFXuApihklDysRD/0vLdBbpK1rICZu4QBiB9UsjDsiJBKn\nS3FgdVONx1fxhoByNDHFYDzFjPkLTjs8r3xwHOwSJG13HG852txuRnZvMWpaBi0g\nT4zpOQtBiSBN+I2N49U3QDcf3JeaVU4pZO+N5ycMGYRjKojQMnoZn6tQVeIGcE8C\n2ha31esl44HEbF7jqXmvztin6H3jQ/MgMkqyTcTWTrFTQQf2p4xNR6QjUdN16B8m\nJ89oj28FMzsPPb2Tv8riEpI9YClA5gbVKY5u9wIDAQABAoIBABH1RyrVWhLVC9bF\n0ay6yqNMdsluOOdIlGsJyfor6OdaZA5HmMtBNecuCL+IoC19QHTJB6NiTnJysdq7\nleceSJJGz5ZOnoscwrGyTgyy2SmdsPsU6vYRJHDzRmftka/VT9sWQazHXzynj3mo\nUU66xGngKfI0DfdsePXsyq3grST0VnAXcBar60gvPK9miuzOTpygQvrM07ePXYRs\nUNsCNLO0XXjU8f7+EgnXlpdjOeisR2c3r66IcsFLwV2qHlwzshcGKpdpinZOMZei\nWXPlAJccbOwQk4MA6EHdZmFOVfqM+H3tHjTG/m3FGD+R87GD3bS+D8FpqBATF2h0\nF9HdLNECgYEAz9R52q632/llUDPCPA9Kdn9qV1ofDk8zYWbaowYl197Osoku/+ml\nQVModSgkIvYRCb1a2dHvwjQXzjxe+NeeaNy7WfY6eAoGI7eSUPdWcDzwjGtl/jJu\noVNBVMnGgn30D3bInoxUOCOFvUquOSqPuaX8BS13Thv5GqyOreJxZKkCgYEA9/CO\ncUZ2qEe5sdHrpn7ySw8tYGZMrFo/yptyHJN01Aco+AGgQ7BFMXFlU2zlj4pdhxNn\nchinGaIQ31y6JweuHyyHn403sjfYHpC3Gi0kfGFCGGQ2upvH/qYNDPOGAXZEOxoY\nZUk0NSkTRKOrpeSc9sCLXwqb/ItfafoX3MLB2p8CgYEAwe/glfSclaUwqZrjEfCi\n59kWftUWTeASbj3woFhIUB0WfPwO47hAAal8A3el4QoF9DTC5qhFN9AstsMXTNbI\nd8oi+lwPS5zvBb1zyCJGgw4a2q4Nyxt8qQZr3Jc9qt+mNBgANhN1M73SO0XJNodE\n/1SozJwUzMrFteJ4ckLw1aECgYBtHm7iRZu1RhPgwb2PgjFKfXx//6Xg+Ls4hR88\nml0Bb8FFHRoWkD5zmy93/uYtPT0aVJzjZxwruNrqIto+kS+9wpBR1QndIpy4HwKm\nv5VeNEOtjnVTvXnQhe4adBbXD+DJjhuMgCI8/z3eqJXDphC6vFTaWEX8aK5uasYT\nv5cniwKBgEjNISKUgDmg3MkkRxm7WmCSA5z0k6lNxmr4AdeXciMv3sdqzwJBHZ7f\nAC31f39YHXFLgXz2z0u5ureyhgcqtEyDN/H9Lj5sJZw6NXoJXEHdhZHTLAZUpGh3\n+4wX4uJ2kMheBaj7osDkmf6873aU2Qjk9MHvtu/4eYaWon3rkA2U\n-----END RSA PRIVATE KEY-----\n",
            "private_key_pem_pkcs8": "-----BEGIN PRIVATE KEY-----\nMIIEvQIBADANBgkqhkiG9w0BAQEFAASCBKcwggSjAgEAAoIBAQDJSUxoDSy17Jb0\n0gDmUdjGNfHPRQ+FeN9G+0WoQO8GDhKBfsyXk9GbYjPSABMumqPAJEVe4CmKGSUP\nKxEP/S8t0FukrWsgJm7hAGIH1SyMOyIkEqdLcWB1U43HV/GGgHI0McVgPMWM+QtO\nOzyvfHAc7BIkbXccbzna3G5Gdm8xaloGLSBPjOk5C0GJIE34jY3j1TdANx/cl5pV\nTilk743nJwwZhGMqiNAyehmfq1BV4gZwTwLaFrfV6yXjgcRsXuOpea/O2KfofeND\n8yAySrJNxNZOsVNBB/anjE1HpCNR03XoHyYnz2iPbwUzOw89vZO/yuISkj1gKUDm\nBtUpjm73AgMBAAECggEAEfVHKtVaEtUL1sXRrLrKo0x2yW4450iUawnJ+ivo51pk\nDkeYy0E15y4Iv4igLX1AdMkHo2JOcnKx2ruV5x5IkkbPlk6eixzCsbJODLLZKZ2w\n+xTq9hEkcPNGZ+2Rr9VP2xZBrMdfPKePeahRTrrEaeAp8jQN92x49ezKreCtJPRW\ncBdwFqvrSC88r2aK7M5OnKBC+szTt49dhGxQ2wI0s7RdeNTx/v4SCdeWl2M56KxH\nZzevrohywUvBXaoeXDOyFwYql2mKdk4xl6JZc+UAlxxs7BCTgwDoQd1mYU5V+oz4\nfe0eNMb+bcUYP5HzsYPdtL4PwWmoEBMXaHQX0d0s0QKBgQDP1Hnarrfb+WVQM8I8\nD0p2f2pXWh8OTzNhZtqjBiXX3s6yiS7/6aVBUyh1KCQi9hEJvVrZ0e/CNBfOPF74\n155o3LtZ9jp4CgYjt5JQ91ZwPPCMa2X+Mm6hU0FUycaCffQPdsiejFQ4I4W9Sq45\nKo+5pfwFLXdOG/karI6t4nFkqQKBgQD38I5xRnaoR7mx0eumfvJLDy1gZkysWj/K\nm3Ick3TUByj4AaBDsEUxcWVTbOWPil2HE2dyGKcZohDfXLonB64fLIefjTeyN9ge\nkLcaLSR8YUIYZDa6m8f+pg0M84YBdkQ7GhhlSTQ1KRNEo6ul5Jz2wItfCpv8i19p\n+hfcwsHanwKBgQDB7+CV9JyVpTCpmuMR8KLn2RZ+1RZN4BJuPfCgWEhQHRZ8/A7j\nuEABqXwDd6XhCgX0NMLmqEU30Cy2wxdM1sh3yiL6XA9LnO8FvXPIIkaDDhrarg3L\nG3ypBmvclz2q36Y0GAA2E3UzvdI7Rck2h0T/VKjMnBTMysW14nhyQvDVoQKBgG0e\nbuJFm7VGE+DBvY+CMUp9fH//peD4uziFHzyaXQFvwUUdGhaQPnObL3f+5i09PRpU\nnONnHCu42uoi2j6RL73CkFHVCd0inLgfAqa/lV40Q62OdVO9edCF7hp0FtcP4MmO\nG4yAIjz/Pd6olcOmELq8VNpYRfxorm5qxhO/lyeLAoGASM0hIpSAOaDcySRHGbta\nYJIDnPSTqU3GavgB15dyIy/ex2rPAkEdnt8ALfV/f1gdcUuBfPbPS7m6t7KGByq0\nTIM38f0uPmwlnDo1eglcQd2FkdMsBlSkaHf7jBfi4naQyF4FqPuiwOSZ/rzvdpTZ\nCOT0we+27/h5hpaifeuQDZQ=\n-----END PRIVATE KEY-----\n",
            "public_key_fingerprint_md5": "4b:c0:5d:4b:85:16:46:51:ff:21:c4:88:db:96:73:29",
            "public_key_fingerprint_sha256": "SHA256:iAEMW3vgxvJWfqymnUunpZdtIX6exPsd3pqVwm/+lyk",
            "public_key_openssh": "ssh-rsa AAAAB3NzaC1yc2EAAAADAQABAAABAQDJSUxoDSy17Jb00gDmUdjGNfHPRQ+FeN9G+0WoQO8GDhKBfsyXk9GbYjPSABMumqPAJEVe4CmKGSUPKxEP/S8t0FukrWsgJm7hAGIH1SyMOyIkEqdLcWB1U43HV/GGgHI0McVgPMWM+QtOOzyvfHAc7BIkbXccbzna3G5Gdm8xaloGLSBPjOk5C0GJIE34jY3j1TdANx/cl5pVTilk743nJwwZhGMqiNAyehmfq1BV4gZwTwLaFrfV6yXjgcRsXuOpea/O2KfofeND8yAySrJNxNZOsVNBB/anjE1HpCNR03XoHyYnz2iPbwUzOw89vZO/yuISkj1gKUDmBtUpjm73\n",
            "public_key_pem": "-----BEGIN PUBLIC KEY-----\nMIIBIjANBgkqhkiG9w0BAQEFAAOCAQ8AMIIBCgKCAQEAyUlMaA0steyW9NIA5lHY\nxjXxz0UPhXjfRvtFqEDvBg4SgX7Ml5PRm2Iz0gATLpqjwCRFXuApihklDysRD/0v\nLdBbpK1rICZu4QBiB9UsjDsiJBKnS3FgdVONx1fxhoByNDHFYDzFjPkLTjs8r3xw\nHOwSJG13HG852txuRnZvMWpaBi0gT4zpOQtBiSBN+I2N49U3QDcf3JeaVU4pZO+N\n5ycMGYRjKojQMnoZn6tQVeIGcE8C2ha31esl44HEbF7jqXmvztin6H3jQ/MgMkqy\nTcTWTrFTQQf2p4xNR6QjUdN16B8mJ89oj28FMzsPPb2Tv8riEpI9YClA5gbVKY5u\n9wIDAQAB\n-----END PUBLIC KEY-----\n",
            "rsa_bits": 2048
          },
          "sensitive_attributes": [
            [
              {
                "type": "get_attr",
                "value": "private_key_openssh"
              }
            ],
            [
              {
                "type": "get_attr",
                "value": "private_key_pem"
              }
            ],
            [
              {
                "type": "get_attr",
                "value": "private_key_pem_pkcs8"
              }
            ]
          ]
        }
      ]
    }
  ],
  "check_results": null
}
